// !$*UTF8*$!
{
	archiveVersion = 1;
	classes = {
	};
	objectVersion = 50;
	objects = {

/* Begin PBXBuildFile section */
		11CA1D072716781E00B552D9 /* AppDelegate.swift in Sources */ = {isa = PBXBuildFile; fileRef = 11CA1D062716781E00B552D9 /* AppDelegate.swift */; };
		11CA1D0B2716781E00B552D9 /* ViewController.swift in Sources */ = {isa = PBXBuildFile; fileRef = 11CA1D0A2716781E00B552D9 /* ViewController.swift */; };
		11CA1D0E2716781E00B552D9 /* Main.storyboard in Resources */ = {isa = PBXBuildFile; fileRef = 11CA1D0C2716781E00B552D9 /* Main.storyboard */; };
		11CA1D102716781F00B552D9 /* Assets.xcassets in Resources */ = {isa = PBXBuildFile; fileRef = 11CA1D0F2716781F00B552D9 /* Assets.xcassets */; };
		11CA1D132716781F00B552D9 /* LaunchScreen.storyboard in Resources */ = {isa = PBXBuildFile; fileRef = 11CA1D112716781F00B552D9 /* LaunchScreen.storyboard */; };
		11CA1D1E2716787000B552D9 /* YYMainViewController.swift in Sources */ = {isa = PBXBuildFile; fileRef = 11CA1D1D2716787000B552D9 /* YYMainViewController.swift */; };
		11CA1D222716799C00B552D9 /* YYCollectionViewCell.swift in Sources */ = {isa = PBXBuildFile; fileRef = 11CA1D202716799C00B552D9 /* YYCollectionViewCell.swift */; };
		11CA1D232716799C00B552D9 /* YYCollectionViewCell.xib in Resources */ = {isa = PBXBuildFile; fileRef = 11CA1D212716799C00B552D9 /* YYCollectionViewCell.xib */; };
		11CA1D4A27167EB700B552D9 /* ConstraintMultiplierTarget.swift in Sources */ = {isa = PBXBuildFile; fileRef = 11CA1D2627167EB700B552D9 /* ConstraintMultiplierTarget.swift */; };
		11CA1D4B27167EB700B552D9 /* LayoutConstraintItem.swift in Sources */ = {isa = PBXBuildFile; fileRef = 11CA1D2727167EB700B552D9 /* LayoutConstraintItem.swift */; };
		11CA1D4C27167EB700B552D9 /* ConstraintDescription.swift in Sources */ = {isa = PBXBuildFile; fileRef = 11CA1D2827167EB700B552D9 /* ConstraintDescription.swift */; };
		11CA1D4D27167EB700B552D9 /* ConstraintMakerPriortizable.swift in Sources */ = {isa = PBXBuildFile; fileRef = 11CA1D2927167EB700B552D9 /* ConstraintMakerPriortizable.swift */; };
		11CA1D4E27167EB700B552D9 /* ConstraintAttributes.swift in Sources */ = {isa = PBXBuildFile; fileRef = 11CA1D2A27167EB700B552D9 /* ConstraintAttributes.swift */; };
		11CA1D4F27167EB700B552D9 /* ConstraintViewDSL.swift in Sources */ = {isa = PBXBuildFile; fileRef = 11CA1D2B27167EB700B552D9 /* ConstraintViewDSL.swift */; };
		11CA1D5027167EB700B552D9 /* ConstraintPriorityTarget.swift in Sources */ = {isa = PBXBuildFile; fileRef = 11CA1D2C27167EB700B552D9 /* ConstraintPriorityTarget.swift */; };
		11CA1D5127167EB700B552D9 /* ConstraintInsets.swift in Sources */ = {isa = PBXBuildFile; fileRef = 11CA1D2D27167EB700B552D9 /* ConstraintInsets.swift */; };
		11CA1D5227167EB700B552D9 /* ConstraintMakerFinalizable.swift in Sources */ = {isa = PBXBuildFile; fileRef = 11CA1D2E27167EB700B552D9 /* ConstraintMakerFinalizable.swift */; };
		11CA1D5327167EB700B552D9 /* ConstraintDSL.swift in Sources */ = {isa = PBXBuildFile; fileRef = 11CA1D2F27167EB700B552D9 /* ConstraintDSL.swift */; };
		11CA1D5427167EB700B552D9 /* ConstraintMakerExtendable.swift in Sources */ = {isa = PBXBuildFile; fileRef = 11CA1D3027167EB700B552D9 /* ConstraintMakerExtendable.swift */; };
		11CA1D5527167EB700B552D9 /* ConstraintPriority.swift in Sources */ = {isa = PBXBuildFile; fileRef = 11CA1D3127167EB700B552D9 /* ConstraintPriority.swift */; };
		11CA1D5627167EB700B552D9 /* ConstraintInsetTarget.swift in Sources */ = {isa = PBXBuildFile; fileRef = 11CA1D3227167EB700B552D9 /* ConstraintInsetTarget.swift */; };
		11CA1D5727167EB700B552D9 /* ConstraintDirectionalInsetTarget.swift in Sources */ = {isa = PBXBuildFile; fileRef = 11CA1D3327167EB700B552D9 /* ConstraintDirectionalInsetTarget.swift */; };
		11CA1D5827167EB700B552D9 /* ConstraintConfig.swift in Sources */ = {isa = PBXBuildFile; fileRef = 11CA1D3427167EB700B552D9 /* ConstraintConfig.swift */; };
		11CA1D5927167EB700B552D9 /* UILayoutSupport+Extensions.swift in Sources */ = {isa = PBXBuildFile; fileRef = 11CA1D3527167EB700B552D9 /* UILayoutSupport+Extensions.swift */; };
		11CA1D5A27167EB700B552D9 /* ConstraintView.swift in Sources */ = {isa = PBXBuildFile; fileRef = 11CA1D3627167EB700B552D9 /* ConstraintView.swift */; };
		11CA1D5B27167EB700B552D9 /* ConstraintLayoutGuide.swift in Sources */ = {isa = PBXBuildFile; fileRef = 11CA1D3727167EB700B552D9 /* ConstraintLayoutGuide.swift */; };
		11CA1D5C27167EB700B552D9 /* ConstraintLayoutSupport.swift in Sources */ = {isa = PBXBuildFile; fileRef = 11CA1D3827167EB700B552D9 /* ConstraintLayoutSupport.swift */; };
		11CA1D5D27167EB700B552D9 /* Typealiases.swift in Sources */ = {isa = PBXBuildFile; fileRef = 11CA1D3927167EB700B552D9 /* Typealiases.swift */; };
		11CA1D5E27167EB700B552D9 /* ConstraintConstantTarget.swift in Sources */ = {isa = PBXBuildFile; fileRef = 11CA1D3A27167EB700B552D9 /* ConstraintConstantTarget.swift */; };
		11CA1D5F27167EB700B552D9 /* ConstraintOffsetTarget.swift in Sources */ = {isa = PBXBuildFile; fileRef = 11CA1D3B27167EB700B552D9 /* ConstraintOffsetTarget.swift */; };
		11CA1D6027167EB700B552D9 /* ConstraintMakerEditable.swift in Sources */ = {isa = PBXBuildFile; fileRef = 11CA1D3C27167EB700B552D9 /* ConstraintMakerEditable.swift */; };
		11CA1D6127167EB700B552D9 /* ConstraintMaker.swift in Sources */ = {isa = PBXBuildFile; fileRef = 11CA1D3D27167EB700B552D9 /* ConstraintMaker.swift */; };
		11CA1D6227167EB700B552D9 /* ConstraintRelation.swift in Sources */ = {isa = PBXBuildFile; fileRef = 11CA1D3E27167EB700B552D9 /* ConstraintRelation.swift */; };
		11CA1D6327167EB700B552D9 /* ConstraintLayoutGuideDSL.swift in Sources */ = {isa = PBXBuildFile; fileRef = 11CA1D3F27167EB700B552D9 /* ConstraintLayoutGuideDSL.swift */; };
		11CA1D6427167EB700B552D9 /* ConstraintView+Extensions.swift in Sources */ = {isa = PBXBuildFile; fileRef = 11CA1D4027167EB700B552D9 /* ConstraintView+Extensions.swift */; };
		11CA1D6527167EB700B552D9 /* ConstraintItem.swift in Sources */ = {isa = PBXBuildFile; fileRef = 11CA1D4127167EB700B552D9 /* ConstraintItem.swift */; };
		11CA1D6627167EB700B552D9 /* Constraint.swift in Sources */ = {isa = PBXBuildFile; fileRef = 11CA1D4227167EB700B552D9 /* Constraint.swift */; };
		11CA1D6727167EB700B552D9 /* Debugging.swift in Sources */ = {isa = PBXBuildFile; fileRef = 11CA1D4327167EB700B552D9 /* Debugging.swift */; };
		11CA1D6827167EB700B552D9 /* ConstraintRelatableTarget.swift in Sources */ = {isa = PBXBuildFile; fileRef = 11CA1D4427167EB700B552D9 /* ConstraintRelatableTarget.swift */; };
		11CA1D6927167EB700B552D9 /* LayoutConstraint.swift in Sources */ = {isa = PBXBuildFile; fileRef = 11CA1D4527167EB700B552D9 /* LayoutConstraint.swift */; };
		11CA1D6A27167EB700B552D9 /* ConstraintLayoutGuide+Extensions.swift in Sources */ = {isa = PBXBuildFile; fileRef = 11CA1D4627167EB700B552D9 /* ConstraintLayoutGuide+Extensions.swift */; };
		11CA1D6B27167EB700B552D9 /* ConstraintDirectionalInsets.swift in Sources */ = {isa = PBXBuildFile; fileRef = 11CA1D4727167EB700B552D9 /* ConstraintDirectionalInsets.swift */; };
		11CA1D6C27167EB700B552D9 /* ConstraintLayoutSupportDSL.swift in Sources */ = {isa = PBXBuildFile; fileRef = 11CA1D4827167EB700B552D9 /* ConstraintLayoutSupportDSL.swift */; };
		11CA1D6D27167EB700B552D9 /* ConstraintMakerRelatable.swift in Sources */ = {isa = PBXBuildFile; fileRef = 11CA1D4927167EB700B552D9 /* ConstraintMakerRelatable.swift */; };
/* End PBXBuildFile section */

/* Begin PBXFileReference section */
		11CA1D032716781E00B552D9 /* YYCollectionViewFitHeight.app */ = {isa = PBXFileReference; explicitFileType = wrapper.application; includeInIndex = 0; path = YYCollectionViewFitHeight.app; sourceTree = BUILT_PRODUCTS_DIR; };
		11CA1D062716781E00B552D9 /* AppDelegate.swift */ = {isa = PBXFileReference; lastKnownFileType = sourcecode.swift; path = AppDelegate.swift; sourceTree = "<group>"; };
		11CA1D0A2716781E00B552D9 /* ViewController.swift */ = {isa = PBXFileReference; lastKnownFileType = sourcecode.swift; path = ViewController.swift; sourceTree = "<group>"; };
		11CA1D0D2716781E00B552D9 /* Base */ = {isa = PBXFileReference; lastKnownFileType = file.storyboard; name = Base; path = Base.lproj/Main.storyboard; sourceTree = "<group>"; };
		11CA1D0F2716781F00B552D9 /* Assets.xcassets */ = {isa = PBXFileReference; lastKnownFileType = folder.assetcatalog; path = Assets.xcassets; sourceTree = "<group>"; };
		11CA1D122716781F00B552D9 /* Base */ = {isa = PBXFileReference; lastKnownFileType = file.storyboard; name = Base; path = Base.lproj/LaunchScreen.storyboard; sourceTree = "<group>"; };
		11CA1D142716781F00B552D9 /* Info.plist */ = {isa = PBXFileReference; lastKnownFileType = text.plist.xml; path = Info.plist; sourceTree = "<group>"; };
		11CA1D1D2716787000B552D9 /* YYMainViewController.swift */ = {isa = PBXFileReference; lastKnownFileType = sourcecode.swift; path = YYMainViewController.swift; sourceTree = "<group>"; };
		11CA1D202716799C00B552D9 /* YYCollectionViewCell.swift */ = {isa = PBXFileReference; fileEncoding = 4; lastKnownFileType = sourcecode.swift; path = YYCollectionViewCell.swift; sourceTree = "<group>"; };
		11CA1D212716799C00B552D9 /* YYCollectionViewCell.xib */ = {isa = PBXFileReference; fileEncoding = 4; lastKnownFileType = file.xib; path = YYCollectionViewCell.xib; sourceTree = "<group>"; };
		11CA1D2627167EB700B552D9 /* ConstraintMultiplierTarget.swift */ = {isa = PBXFileReference; fileEncoding = 4; lastKnownFileType = sourcecode.swift; path = ConstraintMultiplierTarget.swift; sourceTree = "<group>"; };
		11CA1D2727167EB700B552D9 /* LayoutConstraintItem.swift */ = {isa = PBXFileReference; fileEncoding = 4; lastKnownFileType = sourcecode.swift; path = LayoutConstraintItem.swift; sourceTree = "<group>"; };
		11CA1D2827167EB700B552D9 /* ConstraintDescription.swift */ = {isa = PBXFileReference; fileEncoding = 4; lastKnownFileType = sourcecode.swift; path = ConstraintDescription.swift; sourceTree = "<group>"; };
		11CA1D2927167EB700B552D9 /* ConstraintMakerPriortizable.swift */ = {isa = PBXFileReference; fileEncoding = 4; lastKnownFileType = sourcecode.swift; path = ConstraintMakerPriortizable.swift; sourceTree = "<group>"; };
		11CA1D2A27167EB700B552D9 /* ConstraintAttributes.swift */ = {isa = PBXFileReference; fileEncoding = 4; lastKnownFileType = sourcecode.swift; path = ConstraintAttributes.swift; sourceTree = "<group>"; };
		11CA1D2B27167EB700B552D9 /* ConstraintViewDSL.swift */ = {isa = PBXFileReference; fileEncoding = 4; lastKnownFileType = sourcecode.swift; path = ConstraintViewDSL.swift; sourceTree = "<group>"; };
		11CA1D2C27167EB700B552D9 /* ConstraintPriorityTarget.swift */ = {isa = PBXFileReference; fileEncoding = 4; lastKnownFileType = sourcecode.swift; path = ConstraintPriorityTarget.swift; sourceTree = "<group>"; };
		11CA1D2D27167EB700B552D9 /* ConstraintInsets.swift */ = {isa = PBXFileReference; fileEncoding = 4; lastKnownFileType = sourcecode.swift; path = ConstraintInsets.swift; sourceTree = "<group>"; };
		11CA1D2E27167EB700B552D9 /* ConstraintMakerFinalizable.swift */ = {isa = PBXFileReference; fileEncoding = 4; lastKnownFileType = sourcecode.swift; path = ConstraintMakerFinalizable.swift; sourceTree = "<group>"; };
		11CA1D2F27167EB700B552D9 /* ConstraintDSL.swift */ = {isa = PBXFileReference; fileEncoding = 4; lastKnownFileType = sourcecode.swift; path = ConstraintDSL.swift; sourceTree = "<group>"; };
		11CA1D3027167EB700B552D9 /* ConstraintMakerExtendable.swift */ = {isa = PBXFileReference; fileEncoding = 4; lastKnownFileType = sourcecode.swift; path = ConstraintMakerExtendable.swift; sourceTree = "<group>"; };
		11CA1D3127167EB700B552D9 /* ConstraintPriority.swift */ = {isa = PBXFileReference; fileEncoding = 4; lastKnownFileType = sourcecode.swift; path = ConstraintPriority.swift; sourceTree = "<group>"; };
		11CA1D3227167EB700B552D9 /* ConstraintInsetTarget.swift */ = {isa = PBXFileReference; fileEncoding = 4; lastKnownFileType = sourcecode.swift; path = ConstraintInsetTarget.swift; sourceTree = "<group>"; };
		11CA1D3327167EB700B552D9 /* ConstraintDirectionalInsetTarget.swift */ = {isa = PBXFileReference; fileEncoding = 4; lastKnownFileType = sourcecode.swift; path = ConstraintDirectionalInsetTarget.swift; sourceTree = "<group>"; };
		11CA1D3427167EB700B552D9 /* ConstraintConfig.swift */ = {isa = PBXFileReference; fileEncoding = 4; lastKnownFileType = sourcecode.swift; path = ConstraintConfig.swift; sourceTree = "<group>"; };
		11CA1D3527167EB700B552D9 /* UILayoutSupport+Extensions.swift */ = {isa = PBXFileReference; fileEncoding = 4; lastKnownFileType = sourcecode.swift; path = "UILayoutSupport+Extensions.swift"; sourceTree = "<group>"; };
		11CA1D3627167EB700B552D9 /* ConstraintView.swift */ = {isa = PBXFileReference; fileEncoding = 4; lastKnownFileType = sourcecode.swift; path = ConstraintView.swift; sourceTree = "<group>"; };
		11CA1D3727167EB700B552D9 /* ConstraintLayoutGuide.swift */ = {isa = PBXFileReference; fileEncoding = 4; lastKnownFileType = sourcecode.swift; path = ConstraintLayoutGuide.swift; sourceTree = "<group>"; };
		11CA1D3827167EB700B552D9 /* ConstraintLayoutSupport.swift */ = {isa = PBXFileReference; fileEncoding = 4; lastKnownFileType = sourcecode.swift; path = ConstraintLayoutSupport.swift; sourceTree = "<group>"; };
		11CA1D3927167EB700B552D9 /* Typealiases.swift */ = {isa = PBXFileReference; fileEncoding = 4; lastKnownFileType = sourcecode.swift; path = Typealiases.swift; sourceTree = "<group>"; };
		11CA1D3A27167EB700B552D9 /* ConstraintConstantTarget.swift */ = {isa = PBXFileReference; fileEncoding = 4; lastKnownFileType = sourcecode.swift; path = ConstraintConstantTarget.swift; sourceTree = "<group>"; };
		11CA1D3B27167EB700B552D9 /* ConstraintOffsetTarget.swift */ = {isa = PBXFileReference; fileEncoding = 4; lastKnownFileType = sourcecode.swift; path = ConstraintOffsetTarget.swift; sourceTree = "<group>"; };
		11CA1D3C27167EB700B552D9 /* ConstraintMakerEditable.swift */ = {isa = PBXFileReference; fileEncoding = 4; lastKnownFileType = sourcecode.swift; path = ConstraintMakerEditable.swift; sourceTree = "<group>"; };
		11CA1D3D27167EB700B552D9 /* ConstraintMaker.swift */ = {isa = PBXFileReference; fileEncoding = 4; lastKnownFileType = sourcecode.swift; path = ConstraintMaker.swift; sourceTree = "<group>"; };
		11CA1D3E27167EB700B552D9 /* ConstraintRelation.swift */ = {isa = PBXFileReference; fileEncoding = 4; lastKnownFileType = sourcecode.swift; path = ConstraintRelation.swift; sourceTree = "<group>"; };
		11CA1D3F27167EB700B552D9 /* ConstraintLayoutGuideDSL.swift */ = {isa = PBXFileReference; fileEncoding = 4; lastKnownFileType = sourcecode.swift; path = ConstraintLayoutGuideDSL.swift; sourceTree = "<group>"; };
		11CA1D4027167EB700B552D9 /* ConstraintView+Extensions.swift */ = {isa = PBXFileReference; fileEncoding = 4; lastKnownFileType = sourcecode.swift; path = "ConstraintView+Extensions.swift"; sourceTree = "<group>"; };
		11CA1D4127167EB700B552D9 /* ConstraintItem.swift */ = {isa = PBXFileReference; fileEncoding = 4; lastKnownFileType = sourcecode.swift; path = ConstraintItem.swift; sourceTree = "<group>"; };
		11CA1D4227167EB700B552D9 /* Constraint.swift */ = {isa = PBXFileReference; fileEncoding = 4; lastKnownFileType = sourcecode.swift; path = Constraint.swift; sourceTree = "<group>"; };
		11CA1D4327167EB700B552D9 /* Debugging.swift */ = {isa = PBXFileReference; fileEncoding = 4; lastKnownFileType = sourcecode.swift; path = Debugging.swift; sourceTree = "<group>"; };
		11CA1D4427167EB700B552D9 /* ConstraintRelatableTarget.swift */ = {isa = PBXFileReference; fileEncoding = 4; lastKnownFileType = sourcecode.swift; path = ConstraintRelatableTarget.swift; sourceTree = "<group>"; };
		11CA1D4527167EB700B552D9 /* LayoutConstraint.swift */ = {isa = PBXFileReference; fileEncoding = 4; lastKnownFileType = sourcecode.swift; path = LayoutConstraint.swift; sourceTree = "<group>"; };
		11CA1D4627167EB700B552D9 /* ConstraintLayoutGuide+Extensions.swift */ = {isa = PBXFileReference; fileEncoding = 4; lastKnownFileType = sourcecode.swift; path = "ConstraintLayoutGuide+Extensions.swift"; sourceTree = "<group>"; };
		11CA1D4727167EB700B552D9 /* ConstraintDirectionalInsets.swift */ = {isa = PBXFileReference; fileEncoding = 4; lastKnownFileType = sourcecode.swift; path = ConstraintDirectionalInsets.swift; sourceTree = "<group>"; };
		11CA1D4827167EB700B552D9 /* ConstraintLayoutSupportDSL.swift */ = {isa = PBXFileReference; fileEncoding = 4; lastKnownFileType = sourcecode.swift; path = ConstraintLayoutSupportDSL.swift; sourceTree = "<group>"; };
		11CA1D4927167EB700B552D9 /* ConstraintMakerRelatable.swift */ = {isa = PBXFileReference; fileEncoding = 4; lastKnownFileType = sourcecode.swift; path = ConstraintMakerRelatable.swift; sourceTree = "<group>"; };
/* End PBXFileReference section */

/* Begin PBXFrameworksBuildPhase section */
		11CA1D002716781E00B552D9 /* Frameworks */ = {
			isa = PBXFrameworksBuildPhase;
			buildActionMask = 2147483647;
			files = (
			);
			runOnlyForDeploymentPostprocessing = 0;
		};
/* End PBXFrameworksBuildPhase section */

/* Begin PBXGroup section */
		11CA1CFA2716781E00B552D9 = {
			isa = PBXGroup;
			children = (
				11CA1D052716781E00B552D9 /* YYCollectionViewFitHeight */,
				11CA1D042716781E00B552D9 /* Products */,
			);
			sourceTree = "<group>";
		};
		11CA1D042716781E00B552D9 /* Products */ = {
			isa = PBXGroup;
			children = (
				11CA1D032716781E00B552D9 /* YYCollectionViewFitHeight.app */,
			);
			name = Products;
			sourceTree = "<group>";
		};
		11CA1D052716781E00B552D9 /* YYCollectionViewFitHeight */ = {
			isa = PBXGroup;
			children = (
				11CA1D062716781E00B552D9 /* AppDelegate.swift */,
				11CA1D1A2716782C00B552D9 /* MainController */,
				11CA1D1C2716784200B552D9 /* other */,
			);
			path = YYCollectionViewFitHeight;
			sourceTree = "<group>";
		};
		11CA1D1A2716782C00B552D9 /* MainController */ = {
			isa = PBXGroup;
			children = (
				11CA1D24271679A100B552D9 /* Controller */,
				11CA1D1F2716799C00B552D9 /* View */,
			);
			path = MainController;
			sourceTree = "<group>";
		};
		11CA1D1C2716784200B552D9 /* other */ = {
			isa = PBXGroup;
			children = (
				11CA1D2527167EB700B552D9 /* SnapKit */,
				11CA1D0A2716781E00B552D9 /* ViewController.swift */,
				11CA1D0C2716781E00B552D9 /* Main.storyboard */,
				11CA1D0F2716781F00B552D9 /* Assets.xcassets */,
				11CA1D112716781F00B552D9 /* LaunchScreen.storyboard */,
				11CA1D142716781F00B552D9 /* Info.plist */,
			);
			path = other;
			sourceTree = "<group>";
		};
		11CA1D1F2716799C00B552D9 /* View */ = {
			isa = PBXGroup;
			children = (
				11CA1D202716799C00B552D9 /* YYCollectionViewCell.swift */,
				11CA1D212716799C00B552D9 /* YYCollectionViewCell.xib */,
			);
			path = View;
			sourceTree = "<group>";
		};
		11CA1D24271679A100B552D9 /* Controller */ = {
			isa = PBXGroup;
			children = (
				11CA1D1D2716787000B552D9 /* YYMainViewController.swift */,
			);
			path = Controller;
			sourceTree = "<group>";
		};
		11CA1D2527167EB700B552D9 /* SnapKit */ = {
			isa = PBXGroup;
			children = (
				11CA1D2627167EB700B552D9 /* ConstraintMultiplierTarget.swift */,
				11CA1D2727167EB700B552D9 /* LayoutConstraintItem.swift */,
				11CA1D2827167EB700B552D9 /* ConstraintDescription.swift */,
				11CA1D2927167EB700B552D9 /* ConstraintMakerPriortizable.swift */,
				11CA1D2A27167EB700B552D9 /* ConstraintAttributes.swift */,
				11CA1D2B27167EB700B552D9 /* ConstraintViewDSL.swift */,
				11CA1D2C27167EB700B552D9 /* ConstraintPriorityTarget.swift */,
				11CA1D2D27167EB700B552D9 /* ConstraintInsets.swift */,
				11CA1D2E27167EB700B552D9 /* ConstraintMakerFinalizable.swift */,
				11CA1D2F27167EB700B552D9 /* ConstraintDSL.swift */,
				11CA1D3027167EB700B552D9 /* ConstraintMakerExtendable.swift */,
				11CA1D3127167EB700B552D9 /* ConstraintPriority.swift */,
				11CA1D3227167EB700B552D9 /* ConstraintInsetTarget.swift */,
				11CA1D3327167EB700B552D9 /* ConstraintDirectionalInsetTarget.swift */,
				11CA1D3427167EB700B552D9 /* ConstraintConfig.swift */,
				11CA1D3527167EB700B552D9 /* UILayoutSupport+Extensions.swift */,
				11CA1D3627167EB700B552D9 /* ConstraintView.swift */,
				11CA1D3727167EB700B552D9 /* ConstraintLayoutGuide.swift */,
				11CA1D3827167EB700B552D9 /* ConstraintLayoutSupport.swift */,
				11CA1D3927167EB700B552D9 /* Typealiases.swift */,
				11CA1D3A27167EB700B552D9 /* ConstraintConstantTarget.swift */,
				11CA1D3B27167EB700B552D9 /* ConstraintOffsetTarget.swift */,
				11CA1D3C27167EB700B552D9 /* ConstraintMakerEditable.swift */,
				11CA1D3D27167EB700B552D9 /* ConstraintMaker.swift */,
				11CA1D3E27167EB700B552D9 /* ConstraintRelation.swift */,
				11CA1D3F27167EB700B552D9 /* ConstraintLayoutGuideDSL.swift */,
				11CA1D4027167EB700B552D9 /* ConstraintView+Extensions.swift */,
				11CA1D4127167EB700B552D9 /* ConstraintItem.swift */,
				11CA1D4227167EB700B552D9 /* Constraint.swift */,
				11CA1D4327167EB700B552D9 /* Debugging.swift */,
				11CA1D4427167EB700B552D9 /* ConstraintRelatableTarget.swift */,
				11CA1D4527167EB700B552D9 /* LayoutConstraint.swift */,
				11CA1D4627167EB700B552D9 /* ConstraintLayoutGuide+Extensions.swift */,
				11CA1D4727167EB700B552D9 /* ConstraintDirectionalInsets.swift */,
				11CA1D4827167EB700B552D9 /* ConstraintLayoutSupportDSL.swift */,
				11CA1D4927167EB700B552D9 /* ConstraintMakerRelatable.swift */,
			);
			path = SnapKit;
			sourceTree = "<group>";
		};
/* End PBXGroup section */

/* Begin PBXNativeTarget section */
		11CA1D022716781E00B552D9 /* YYCollectionViewFitHeight */ = {
			isa = PBXNativeTarget;
			buildConfigurationList = 11CA1D172716781F00B552D9 /* Build configuration list for PBXNativeTarget "YYCollectionViewFitHeight" */;
			buildPhases = (
				11CA1CFF2716781E00B552D9 /* Sources */,
				11CA1D002716781E00B552D9 /* Frameworks */,
				11CA1D012716781E00B552D9 /* Resources */,
			);
			buildRules = (
			);
			dependencies = (
			);
			name = YYCollectionViewFitHeight;
			productName = YYCollectionViewFitHeight;
			productReference = 11CA1D032716781E00B552D9 /* YYCollectionViewFitHeight.app */;
			productType = "com.apple.product-type.application";
		};
/* End PBXNativeTarget section */

/* Begin PBXProject section */
		11CA1CFB2716781E00B552D9 /* Project object */ = {
			isa = PBXProject;
			attributes = {
				LastSwiftUpdateCheck = 1250;
				LastUpgradeCheck = 1250;
				TargetAttributes = {
					11CA1D022716781E00B552D9 = {
						CreatedOnToolsVersion = 12.5.1;
					};
				};
			};
			buildConfigurationList = 11CA1CFE2716781E00B552D9 /* Build configuration list for PBXProject "YYCollectionViewFitHeight" */;
			compatibilityVersion = "Xcode 9.3";
			developmentRegion = en;
			hasScannedForEncodings = 0;
			knownRegions = (
				en,
				Base,
			);
			mainGroup = 11CA1CFA2716781E00B552D9;
			productRefGroup = 11CA1D042716781E00B552D9 /* Products */;
			projectDirPath = "";
			projectRoot = "";
			targets = (
				11CA1D022716781E00B552D9 /* YYCollectionViewFitHeight */,
			);
		};
/* End PBXProject section */

/* Begin PBXResourcesBuildPhase section */
		11CA1D012716781E00B552D9 /* Resources */ = {
			isa = PBXResourcesBuildPhase;
			buildActionMask = 2147483647;
			files = (
				11CA1D132716781F00B552D9 /* LaunchScreen.storyboard in Resources */,
				11CA1D102716781F00B552D9 /* Assets.xcassets in Resources */,
				11CA1D232716799C00B552D9 /* YYCollectionViewCell.xib in Resources */,
				11CA1D0E2716781E00B552D9 /* Main.storyboard in Resources */,
			);
			runOnlyForDeploymentPostprocessing = 0;
		};
/* End PBXResourcesBuildPhase section */

/* Begin PBXSourcesBuildPhase section */
		11CA1CFF2716781E00B552D9 /* Sources */ = {
			isa = PBXSourcesBuildPhase;
			buildActionMask = 2147483647;
			files = (
				11CA1D6227167EB700B552D9 /* ConstraintRelation.swift in Sources */,
				11CA1D6027167EB700B552D9 /* ConstraintMakerEditable.swift in Sources */,
				11CA1D6D27167EB700B552D9 /* ConstraintMakerRelatable.swift in Sources */,
				11CA1D5127167EB700B552D9 /* ConstraintInsets.swift in Sources */,
				11CA1D6827167EB700B552D9 /* ConstraintRelatableTarget.swift in Sources */,
				11CA1D6527167EB700B552D9 /* ConstraintItem.swift in Sources */,
				11CA1D6A27167EB700B552D9 /* ConstraintLayoutGuide+Extensions.swift in Sources */,
				11CA1D5C27167EB700B552D9 /* ConstraintLayoutSupport.swift in Sources */,
				11CA1D4E27167EB700B552D9 /* ConstraintAttributes.swift in Sources */,
				11CA1D6327167EB700B552D9 /* ConstraintLayoutGuideDSL.swift in Sources */,
				11CA1D4F27167EB700B552D9 /* ConstraintViewDSL.swift in Sources */,
				11CA1D5F27167EB700B552D9 /* ConstraintOffsetTarget.swift in Sources */,
				11CA1D4D27167EB700B552D9 /* ConstraintMakerPriortizable.swift in Sources */,
				11CA1D0B2716781E00B552D9 /* ViewController.swift in Sources */,
				11CA1D072716781E00B552D9 /* AppDelegate.swift in Sources */,
				11CA1D6727167EB700B552D9 /* Debugging.swift in Sources */,
				11CA1D6127167EB700B552D9 /* ConstraintMaker.swift in Sources */,
				11CA1D5027167EB700B552D9 /* ConstraintPriorityTarget.swift in Sources */,
				11CA1D6427167EB700B552D9 /* ConstraintView+Extensions.swift in Sources */,
				11CA1D5D27167EB700B552D9 /* Typealiases.swift in Sources */,
				11CA1D222716799C00B552D9 /* YYCollectionViewCell.swift in Sources */,
				11CA1D5427167EB700B552D9 /* ConstraintMakerExtendable.swift in Sources */,
				11CA1D6627167EB700B552D9 /* Constraint.swift in Sources */,
				11CA1D5A27167EB700B552D9 /* ConstraintView.swift in Sources */,
				11CA1D1E2716787000B552D9 /* YYMainViewController.swift in Sources */,
				11CA1D5927167EB700B552D9 /* UILayoutSupport+Extensions.swift in Sources */,
				11CA1D5527167EB700B552D9 /* ConstraintPriority.swift in Sources */,
				11CA1D4A27167EB700B552D9 /* ConstraintMultiplierTarget.swift in Sources */,
				11CA1D6B27167EB700B552D9 /* ConstraintDirectionalInsets.swift in Sources */,
				11CA1D4C27167EB700B552D9 /* ConstraintDescription.swift in Sources */,
				11CA1D5E27167EB700B552D9 /* ConstraintConstantTarget.swift in Sources */,
				11CA1D5627167EB700B552D9 /* ConstraintInsetTarget.swift in Sources */,
				11CA1D4B27167EB700B552D9 /* LayoutConstraintItem.swift in Sources */,
				11CA1D5B27167EB700B552D9 /* ConstraintLayoutGuide.swift in Sources */,
				11CA1D5327167EB700B552D9 /* ConstraintDSL.swift in Sources */,
				11CA1D6927167EB700B552D9 /* LayoutConstraint.swift in Sources */,
				11CA1D6C27167EB700B552D9 /* ConstraintLayoutSupportDSL.swift in Sources */,
				11CA1D5827167EB700B552D9 /* ConstraintConfig.swift in Sources */,
				11CA1D5727167EB700B552D9 /* ConstraintDirectionalInsetTarget.swift in Sources */,
				11CA1D5227167EB700B552D9 /* ConstraintMakerFinalizable.swift in Sources */,
			);
			runOnlyForDeploymentPostprocessing = 0;
		};
/* End PBXSourcesBuildPhase section */

/* Begin PBXVariantGroup section */
		11CA1D0C2716781E00B552D9 /* Main.storyboard */ = {
			isa = PBXVariantGroup;
			children = (
				11CA1D0D2716781E00B552D9 /* Base */,
			);
			name = Main.storyboard;
			sourceTree = "<group>";
		};
		11CA1D112716781F00B552D9 /* LaunchScreen.storyboard */ = {
			isa = PBXVariantGroup;
			children = (
				11CA1D122716781F00B552D9 /* Base */,
			);
			name = LaunchScreen.storyboard;
			sourceTree = "<group>";
		};
/* End PBXVariantGroup section */

/* Begin XCBuildConfiguration section */
		11CA1D152716781F00B552D9 /* Debug */ = {
			isa = XCBuildConfiguration;
			buildSettings = {
				ALWAYS_SEARCH_USER_PATHS = NO;
				CLANG_ANALYZER_NONNULL = YES;
				CLANG_ANALYZER_NUMBER_OBJECT_CONVERSION = YES_AGGRESSIVE;
				CLANG_CXX_LANGUAGE_STANDARD = "gnu++14";
				CLANG_CXX_LIBRARY = "libc++";
				CLANG_ENABLE_MODULES = YES;
				CLANG_ENABLE_OBJC_ARC = YES;
				CLANG_ENABLE_OBJC_WEAK = YES;
				CLANG_WARN_BLOCK_CAPTURE_AUTORELEASING = YES;
				CLANG_WARN_BOOL_CONVERSION = YES;
				CLANG_WARN_COMMA = YES;
				CLANG_WARN_CONSTANT_CONVERSION = YES;
				CLANG_WARN_DEPRECATED_OBJC_IMPLEMENTATIONS = YES;
				CLANG_WARN_DIRECT_OBJC_ISA_USAGE = YES_ERROR;
				CLANG_WARN_DOCUMENTATION_COMMENTS = YES;
				CLANG_WARN_EMPTY_BODY = YES;
				CLANG_WARN_ENUM_CONVERSION = YES;
				CLANG_WARN_INFINITE_RECURSION = YES;
				CLANG_WARN_INT_CONVERSION = YES;
				CLANG_WARN_NON_LITERAL_NULL_CONVERSION = YES;
				CLANG_WARN_OBJC_IMPLICIT_RETAIN_SELF = YES;
				CLANG_WARN_OBJC_LITERAL_CONVERSION = YES;
				CLANG_WARN_OBJC_ROOT_CLASS = YES_ERROR;
				CLANG_WARN_QUOTED_INCLUDE_IN_FRAMEWORK_HEADER = YES;
				CLANG_WARN_RANGE_LOOP_ANALYSIS = YES;
				CLANG_WARN_STRICT_PROTOTYPES = YES;
				CLANG_WARN_SUSPICIOUS_MOVE = YES;
				CLANG_WARN_UNGUARDED_AVAILABILITY = YES_AGGRESSIVE;
				CLANG_WARN_UNREACHABLE_CODE = YES;
				CLANG_WARN__DUPLICATE_METHOD_MATCH = YES;
				COPY_PHASE_STRIP = NO;
				DEBUG_INFORMATION_FORMAT = dwarf;
				ENABLE_STRICT_OBJC_MSGSEND = YES;
				ENABLE_TESTABILITY = YES;
				GCC_C_LANGUAGE_STANDARD = gnu11;
				GCC_DYNAMIC_NO_PIC = NO;
				GCC_NO_COMMON_BLOCKS = YES;
				GCC_OPTIMIZATION_LEVEL = 0;
				GCC_PREPROCESSOR_DEFINITIONS = (
					"DEBUG=1",
					"$(inherited)",
				);
				GCC_WARN_64_TO_32_BIT_CONVERSION = YES;
				GCC_WARN_ABOUT_RETURN_TYPE = YES_ERROR;
				GCC_WARN_UNDECLARED_SELECTOR = YES;
				GCC_WARN_UNINITIALIZED_AUTOS = YES_AGGRESSIVE;
				GCC_WARN_UNUSED_FUNCTION = YES;
				GCC_WARN_UNUSED_VARIABLE = YES;
				IPHONEOS_DEPLOYMENT_TARGET = 14.5;
				MTL_ENABLE_DEBUG_INFO = INCLUDE_SOURCE;
				MTL_FAST_MATH = YES;
				ONLY_ACTIVE_ARCH = YES;
				SDKROOT = iphoneos;
				SWIFT_ACTIVE_COMPILATION_CONDITIONS = DEBUG;
				SWIFT_OPTIMIZATION_LEVEL = "-Onone";
			};
			name = Debug;
		};
		11CA1D162716781F00B552D9 /* Release */ = {
			isa = XCBuildConfiguration;
			buildSettings = {
				ALWAYS_SEARCH_USER_PATHS = NO;
				CLANG_ANALYZER_NONNULL = YES;
				CLANG_ANALYZER_NUMBER_OBJECT_CONVERSION = YES_AGGRESSIVE;
				CLANG_CXX_LANGUAGE_STANDARD = "gnu++14";
				CLANG_CXX_LIBRARY = "libc++";
				CLANG_ENABLE_MODULES = YES;
				CLANG_ENABLE_OBJC_ARC = YES;
				CLANG_ENABLE_OBJC_WEAK = YES;
				CLANG_WARN_BLOCK_CAPTURE_AUTORELEASING = YES;
				CLANG_WARN_BOOL_CONVERSION = YES;
				CLANG_WARN_COMMA = YES;
				CLANG_WARN_CONSTANT_CONVERSION = YES;
				CLANG_WARN_DEPRECATED_OBJC_IMPLEMENTATIONS = YES;
				CLANG_WARN_DIRECT_OBJC_ISA_USAGE = YES_ERROR;
				CLANG_WARN_DOCUMENTATION_COMMENTS = YES;
				CLANG_WARN_EMPTY_BODY = YES;
				CLANG_WARN_ENUM_CONVERSION = YES;
				CLANG_WARN_INFINITE_RECURSION = YES;
				CLANG_WARN_INT_CONVERSION = YES;
				CLANG_WARN_NON_LITERAL_NULL_CONVERSION = YES;
				CLANG_WARN_OBJC_IMPLICIT_RETAIN_SELF = YES;
				CLANG_WARN_OBJC_LITERAL_CONVERSION = YES;
				CLANG_WARN_OBJC_ROOT_CLASS = YES_ERROR;
				CLANG_WARN_QUOTED_INCLUDE_IN_FRAMEWORK_HEADER = YES;
				CLANG_WARN_RANGE_LOOP_ANALYSIS = YES;
				CLANG_WARN_STRICT_PROTOTYPES = YES;
				CLANG_WARN_SUSPICIOUS_MOVE = YES;
				CLANG_WARN_UNGUARDED_AVAILABILITY = YES_AGGRESSIVE;
				CLANG_WARN_UNREACHABLE_CODE = YES;
				CLANG_WARN__DUPLICATE_METHOD_MATCH = YES;
				COPY_PHASE_STRIP = NO;
				DEBUG_INFORMATION_FORMAT = "dwarf-with-dsym";
				ENABLE_NS_ASSERTIONS = NO;
				ENABLE_STRICT_OBJC_MSGSEND = YES;
				GCC_C_LANGUAGE_STANDARD = gnu11;
				GCC_NO_COMMON_BLOCKS = YES;
				GCC_WARN_64_TO_32_BIT_CONVERSION = YES;
				GCC_WARN_ABOUT_RETURN_TYPE = YES_ERROR;
				GCC_WARN_UNDECLARED_SELECTOR = YES;
				GCC_WARN_UNINITIALIZED_AUTOS = YES_AGGRESSIVE;
				GCC_WARN_UNUSED_FUNCTION = YES;
				GCC_WARN_UNUSED_VARIABLE = YES;
				IPHONEOS_DEPLOYMENT_TARGET = 14.5;
				MTL_ENABLE_DEBUG_INFO = NO;
				MTL_FAST_MATH = YES;
				SDKROOT = iphoneos;
				SWIFT_COMPILATION_MODE = wholemodule;
				SWIFT_OPTIMIZATION_LEVEL = "-O";
				VALIDATE_PRODUCT = YES;
			};
			name = Release;
		};
		11CA1D182716781F00B552D9 /* Debug */ = {
			isa = XCBuildConfiguration;
			buildSettings = {
				ASSETCATALOG_COMPILER_APPICON_NAME = AppIcon;
				ASSETCATALOG_COMPILER_GLOBAL_ACCENT_COLOR_NAME = AccentColor;
				CODE_SIGN_STYLE = Automatic;
				DEVELOPMENT_TEAM = JF826FYE3W;
				INFOPLIST_FILE = YYCollectionViewFitHeight/other/Info.plist;
				LD_RUNPATH_SEARCH_PATHS = (
					"$(inherited)",
					"@executable_path/Frameworks",
				);
				PRODUCT_BUNDLE_IDENTIFIER = com.skyworth.com.YYCollectionViewFitHeight;
				PRODUCT_NAME = "$(TARGET_NAME)";
				SWIFT_VERSION = 5.0;
				TARGETED_DEVICE_FAMILY = "1,2";
			};
			name = Debug;
		};
		11CA1D192716781F00B552D9 /* Release */ = {
			isa = XCBuildConfiguration;
			buildSettings = {
				ASSETCATALOG_COMPILER_APPICON_NAME = AppIcon;
				ASSETCATALOG_COMPILER_GLOBAL_ACCENT_COLOR_NAME = AccentColor;
				CODE_SIGN_STYLE = Automatic;
				DEVELOPMENT_TEAM = JF826FYE3W;
				INFOPLIST_FILE = YYCollectionViewFitHeight/other/Info.plist;
				LD_RUNPATH_SEARCH_PATHS = (
					"$(inherited)",
					"@executable_path/Frameworks",
				);
				PRODUCT_BUNDLE_IDENTIFIER = com.skyworth.com.YYCollectionViewFitHeight;
				PRODUCT_NAME = "$(TARGET_NAME)";
				SWIFT_VERSION = 5.0;
				TARGETED_DEVICE_FAMILY = "1,2";
			};
			name = Release;
		};
/* End XCBuildConfiguration section */

/* Begin XCConfigurationList section */
		11CA1CFE2716781E00B552D9 /* Build configuration list for PBXProject "YYCollectionViewFitHeight" */ = {
			isa = XCConfigurationList;
			buildConfigurations = (
				11CA1D152716781F00B552D9 /* Debug */,
				11CA1D162716781F00B552D9 /* Release */,
			);
			defaultConfigurationIsVisible = 0;
			defaultConfigurationName = Release;
		};
		11CA1D172716781F00B552D9 /* Build configuration list for PBXNativeTarget "YYCollectionViewFitHeight" */ = {
			isa = XCConfigurationList;
			buildConfigurations = (
				11CA1D182716781F00B552D9 /* Debug */,
				11CA1D192716781F00B552D9 /* Release */,
			);
			defaultConfigurationIsVisible = 0;
			defaultConfigurationName = Release;
		};
/* End XCConfigurationList section */
	};
	rootObject = 11CA1CFB2716781E00B552D9 /* Project object */;
}
