// !$*UTF8*$!
{
	archiveVersion = 1;
	classes = {
	};
	objectVersion = 50;
	objects = {

/* Begin PBXBuildFile section */
		11269B91271D080D00EDB2E7 /* AppDelegate.swift in Sources */ = {isa = PBXBuildFile; fileRef = 11269B90271D080D00EDB2E7 /* AppDelegate.swift */; };
		11269B95271D080D00EDB2E7 /* ViewController.swift in Sources */ = {isa = PBXBuildFile; fileRef = 11269B94271D080D00EDB2E7 /* ViewController.swift */; };
		11269B98271D080D00EDB2E7 /* Main.storyboard in Resources */ = {isa = PBXBuildFile; fileRef = 11269B96271D080D00EDB2E7 /* Main.storyboard */; };
		11269B9A271D080E00EDB2E7 /* Assets.xcassets in Resources */ = {isa = PBXBuildFile; fileRef = 11269B99271D080E00EDB2E7 /* Assets.xcassets */; };
		11269B9D271D080E00EDB2E7 /* LaunchScreen.storyboard in Resources */ = {isa = PBXBuildFile; fileRef = 11269B9B271D080E00EDB2E7 /* LaunchScreen.storyboard */; };
		11269BA8271D086A00EDB2E7 /* YYMainViewController.swift in Sources */ = {isa = PBXBuildFile; fileRef = 11269BA7271D086A00EDB2E7 /* YYMainViewController.swift */; };
		11269BAC271D47D000EDB2E7 /* YYCollectionViewCell.swift in Sources */ = {isa = PBXBuildFile; fileRef = 11269BAA271D47D000EDB2E7 /* YYCollectionViewCell.swift */; };
		11269BAD271D47D000EDB2E7 /* YYCollectionViewCell.xib in Resources */ = {isa = PBXBuildFile; fileRef = 11269BAB271D47D000EDB2E7 /* YYCollectionViewCell.xib */; };
		11269BD3271D504300EDB2E7 /* ConstraintMultiplierTarget.swift in Sources */ = {isa = PBXBuildFile; fileRef = 11269BAF271D504300EDB2E7 /* ConstraintMultiplierTarget.swift */; };
		11269BD4271D504300EDB2E7 /* LayoutConstraintItem.swift in Sources */ = {isa = PBXBuildFile; fileRef = 11269BB0271D504300EDB2E7 /* LayoutConstraintItem.swift */; };
		11269BD5271D504300EDB2E7 /* ConstraintDescription.swift in Sources */ = {isa = PBXBuildFile; fileRef = 11269BB1271D504300EDB2E7 /* ConstraintDescription.swift */; };
		11269BD6271D504300EDB2E7 /* ConstraintMakerPriortizable.swift in Sources */ = {isa = PBXBuildFile; fileRef = 11269BB2271D504300EDB2E7 /* ConstraintMakerPriortizable.swift */; };
		11269BD7271D504300EDB2E7 /* ConstraintAttributes.swift in Sources */ = {isa = PBXBuildFile; fileRef = 11269BB3271D504300EDB2E7 /* ConstraintAttributes.swift */; };
		11269BD8271D504300EDB2E7 /* ConstraintViewDSL.swift in Sources */ = {isa = PBXBuildFile; fileRef = 11269BB4271D504300EDB2E7 /* ConstraintViewDSL.swift */; };
		11269BD9271D504300EDB2E7 /* ConstraintPriorityTarget.swift in Sources */ = {isa = PBXBuildFile; fileRef = 11269BB5271D504300EDB2E7 /* ConstraintPriorityTarget.swift */; };
		11269BDA271D504300EDB2E7 /* ConstraintInsets.swift in Sources */ = {isa = PBXBuildFile; fileRef = 11269BB6271D504300EDB2E7 /* ConstraintInsets.swift */; };
		11269BDB271D504300EDB2E7 /* ConstraintMakerFinalizable.swift in Sources */ = {isa = PBXBuildFile; fileRef = 11269BB7271D504300EDB2E7 /* ConstraintMakerFinalizable.swift */; };
		11269BDC271D504300EDB2E7 /* ConstraintDSL.swift in Sources */ = {isa = PBXBuildFile; fileRef = 11269BB8271D504300EDB2E7 /* ConstraintDSL.swift */; };
		11269BDD271D504300EDB2E7 /* ConstraintMakerExtendable.swift in Sources */ = {isa = PBXBuildFile; fileRef = 11269BB9271D504300EDB2E7 /* ConstraintMakerExtendable.swift */; };
		11269BDE271D504300EDB2E7 /* ConstraintPriority.swift in Sources */ = {isa = PBXBuildFile; fileRef = 11269BBA271D504300EDB2E7 /* ConstraintPriority.swift */; };
		11269BDF271D504300EDB2E7 /* ConstraintInsetTarget.swift in Sources */ = {isa = PBXBuildFile; fileRef = 11269BBB271D504300EDB2E7 /* ConstraintInsetTarget.swift */; };
		11269BE0271D504300EDB2E7 /* ConstraintDirectionalInsetTarget.swift in Sources */ = {isa = PBXBuildFile; fileRef = 11269BBC271D504300EDB2E7 /* ConstraintDirectionalInsetTarget.swift */; };
		11269BE1271D504300EDB2E7 /* ConstraintConfig.swift in Sources */ = {isa = PBXBuildFile; fileRef = 11269BBD271D504300EDB2E7 /* ConstraintConfig.swift */; };
		11269BE2271D504300EDB2E7 /* UILayoutSupport+Extensions.swift in Sources */ = {isa = PBXBuildFile; fileRef = 11269BBE271D504300EDB2E7 /* UILayoutSupport+Extensions.swift */; };
		11269BE3271D504300EDB2E7 /* ConstraintView.swift in Sources */ = {isa = PBXBuildFile; fileRef = 11269BBF271D504300EDB2E7 /* ConstraintView.swift */; };
		11269BE4271D504300EDB2E7 /* ConstraintLayoutGuide.swift in Sources */ = {isa = PBXBuildFile; fileRef = 11269BC0271D504300EDB2E7 /* ConstraintLayoutGuide.swift */; };
		11269BE5271D504300EDB2E7 /* ConstraintLayoutSupport.swift in Sources */ = {isa = PBXBuildFile; fileRef = 11269BC1271D504300EDB2E7 /* ConstraintLayoutSupport.swift */; };
		11269BE6271D504300EDB2E7 /* Typealiases.swift in Sources */ = {isa = PBXBuildFile; fileRef = 11269BC2271D504300EDB2E7 /* Typealiases.swift */; };
		11269BE7271D504300EDB2E7 /* ConstraintConstantTarget.swift in Sources */ = {isa = PBXBuildFile; fileRef = 11269BC3271D504300EDB2E7 /* ConstraintConstantTarget.swift */; };
		11269BE8271D504300EDB2E7 /* ConstraintOffsetTarget.swift in Sources */ = {isa = PBXBuildFile; fileRef = 11269BC4271D504300EDB2E7 /* ConstraintOffsetTarget.swift */; };
		11269BE9271D504300EDB2E7 /* ConstraintMakerEditable.swift in Sources */ = {isa = PBXBuildFile; fileRef = 11269BC5271D504300EDB2E7 /* ConstraintMakerEditable.swift */; };
		11269BEA271D504300EDB2E7 /* ConstraintMaker.swift in Sources */ = {isa = PBXBuildFile; fileRef = 11269BC6271D504300EDB2E7 /* ConstraintMaker.swift */; };
		11269BEB271D504300EDB2E7 /* ConstraintRelation.swift in Sources */ = {isa = PBXBuildFile; fileRef = 11269BC7271D504300EDB2E7 /* ConstraintRelation.swift */; };
		11269BEC271D504300EDB2E7 /* ConstraintLayoutGuideDSL.swift in Sources */ = {isa = PBXBuildFile; fileRef = 11269BC8271D504300EDB2E7 /* ConstraintLayoutGuideDSL.swift */; };
		11269BED271D504300EDB2E7 /* ConstraintView+Extensions.swift in Sources */ = {isa = PBXBuildFile; fileRef = 11269BC9271D504300EDB2E7 /* ConstraintView+Extensions.swift */; };
		11269BEE271D504300EDB2E7 /* ConstraintItem.swift in Sources */ = {isa = PBXBuildFile; fileRef = 11269BCA271D504300EDB2E7 /* ConstraintItem.swift */; };
		11269BEF271D504300EDB2E7 /* Constraint.swift in Sources */ = {isa = PBXBuildFile; fileRef = 11269BCB271D504300EDB2E7 /* Constraint.swift */; };
		11269BF0271D504300EDB2E7 /* Debugging.swift in Sources */ = {isa = PBXBuildFile; fileRef = 11269BCC271D504300EDB2E7 /* Debugging.swift */; };
		11269BF1271D504300EDB2E7 /* ConstraintRelatableTarget.swift in Sources */ = {isa = PBXBuildFile; fileRef = 11269BCD271D504300EDB2E7 /* ConstraintRelatableTarget.swift */; };
		11269BF2271D504300EDB2E7 /* LayoutConstraint.swift in Sources */ = {isa = PBXBuildFile; fileRef = 11269BCE271D504300EDB2E7 /* LayoutConstraint.swift */; };
		11269BF3271D504300EDB2E7 /* ConstraintLayoutGuide+Extensions.swift in Sources */ = {isa = PBXBuildFile; fileRef = 11269BCF271D504300EDB2E7 /* ConstraintLayoutGuide+Extensions.swift */; };
		11269BF4271D504300EDB2E7 /* ConstraintDirectionalInsets.swift in Sources */ = {isa = PBXBuildFile; fileRef = 11269BD0271D504300EDB2E7 /* ConstraintDirectionalInsets.swift */; };
		11269BF5271D504300EDB2E7 /* ConstraintLayoutSupportDSL.swift in Sources */ = {isa = PBXBuildFile; fileRef = 11269BD1271D504300EDB2E7 /* ConstraintLayoutSupportDSL.swift */; };
		11269BF6271D504300EDB2E7 /* ConstraintMakerRelatable.swift in Sources */ = {isa = PBXBuildFile; fileRef = 11269BD2271D504300EDB2E7 /* ConstraintMakerRelatable.swift */; };
		11269BFB271D578400EDB2E7 /* YYCollectionViewSubCell.swift in Sources */ = {isa = PBXBuildFile; fileRef = 11269BF9271D578400EDB2E7 /* YYCollectionViewSubCell.swift */; };
		11269BFC271D578400EDB2E7 /* YYCollectionViewSubCell.xib in Resources */ = {isa = PBXBuildFile; fileRef = 11269BFA271D578400EDB2E7 /* YYCollectionViewSubCell.xib */; };
		11269BFF271D5F3B00EDB2E7 /* YYDeviceModel.swift in Sources */ = {isa = PBXBuildFile; fileRef = 11269BFE271D5F3B00EDB2E7 /* YYDeviceModel.swift */; };
/* End PBXBuildFile section */

/* Begin PBXFileReference section */
		11269B8D271D080D00EDB2E7 /* YYCellContainCollectionView.app */ = {isa = PBXFileReference; explicitFileType = wrapper.application; includeInIndex = 0; path = YYCellContainCollectionView.app; sourceTree = BUILT_PRODUCTS_DIR; };
		11269B90271D080D00EDB2E7 /* AppDelegate.swift */ = {isa = PBXFileReference; lastKnownFileType = sourcecode.swift; path = AppDelegate.swift; sourceTree = "<group>"; };
		11269B94271D080D00EDB2E7 /* ViewController.swift */ = {isa = PBXFileReference; lastKnownFileType = sourcecode.swift; path = ViewController.swift; sourceTree = "<group>"; };
		11269B97271D080D00EDB2E7 /* Base */ = {isa = PBXFileReference; lastKnownFileType = file.storyboard; name = Base; path = Base.lproj/Main.storyboard; sourceTree = "<group>"; };
		11269B99271D080E00EDB2E7 /* Assets.xcassets */ = {isa = PBXFileReference; lastKnownFileType = folder.assetcatalog; path = Assets.xcassets; sourceTree = "<group>"; };
		11269B9C271D080E00EDB2E7 /* Base */ = {isa = PBXFileReference; lastKnownFileType = file.storyboard; name = Base; path = Base.lproj/LaunchScreen.storyboard; sourceTree = "<group>"; };
		11269B9E271D080E00EDB2E7 /* Info.plist */ = {isa = PBXFileReference; lastKnownFileType = text.plist.xml; path = Info.plist; sourceTree = "<group>"; };
		11269BA7271D086A00EDB2E7 /* YYMainViewController.swift */ = {isa = PBXFileReference; lastKnownFileType = sourcecode.swift; path = YYMainViewController.swift; sourceTree = "<group>"; };
		11269BAA271D47D000EDB2E7 /* YYCollectionViewCell.swift */ = {isa = PBXFileReference; fileEncoding = 4; lastKnownFileType = sourcecode.swift; path = YYCollectionViewCell.swift; sourceTree = "<group>"; };
		11269BAB271D47D000EDB2E7 /* YYCollectionViewCell.xib */ = {isa = PBXFileReference; fileEncoding = 4; lastKnownFileType = file.xib; path = YYCollectionViewCell.xib; sourceTree = "<group>"; };
		11269BAF271D504300EDB2E7 /* ConstraintMultiplierTarget.swift */ = {isa = PBXFileReference; fileEncoding = 4; lastKnownFileType = sourcecode.swift; path = ConstraintMultiplierTarget.swift; sourceTree = "<group>"; };
		11269BB0271D504300EDB2E7 /* LayoutConstraintItem.swift */ = {isa = PBXFileReference; fileEncoding = 4; lastKnownFileType = sourcecode.swift; path = LayoutConstraintItem.swift; sourceTree = "<group>"; };
		11269BB1271D504300EDB2E7 /* ConstraintDescription.swift */ = {isa = PBXFileReference; fileEncoding = 4; lastKnownFileType = sourcecode.swift; path = ConstraintDescription.swift; sourceTree = "<group>"; };
		11269BB2271D504300EDB2E7 /* ConstraintMakerPriortizable.swift */ = {isa = PBXFileReference; fileEncoding = 4; lastKnownFileType = sourcecode.swift; path = ConstraintMakerPriortizable.swift; sourceTree = "<group>"; };
		11269BB3271D504300EDB2E7 /* ConstraintAttributes.swift */ = {isa = PBXFileReference; fileEncoding = 4; lastKnownFileType = sourcecode.swift; path = ConstraintAttributes.swift; sourceTree = "<group>"; };
		11269BB4271D504300EDB2E7 /* ConstraintViewDSL.swift */ = {isa = PBXFileReference; fileEncoding = 4; lastKnownFileType = sourcecode.swift; path = ConstraintViewDSL.swift; sourceTree = "<group>"; };
		11269BB5271D504300EDB2E7 /* ConstraintPriorityTarget.swift */ = {isa = PBXFileReference; fileEncoding = 4; lastKnownFileType = sourcecode.swift; path = ConstraintPriorityTarget.swift; sourceTree = "<group>"; };
		11269BB6271D504300EDB2E7 /* ConstraintInsets.swift */ = {isa = PBXFileReference; fileEncoding = 4; lastKnownFileType = sourcecode.swift; path = ConstraintInsets.swift; sourceTree = "<group>"; };
		11269BB7271D504300EDB2E7 /* ConstraintMakerFinalizable.swift */ = {isa = PBXFileReference; fileEncoding = 4; lastKnownFileType = sourcecode.swift; path = ConstraintMakerFinalizable.swift; sourceTree = "<group>"; };
		11269BB8271D504300EDB2E7 /* ConstraintDSL.swift */ = {isa = PBXFileReference; fileEncoding = 4; lastKnownFileType = sourcecode.swift; path = ConstraintDSL.swift; sourceTree = "<group>"; };
		11269BB9271D504300EDB2E7 /* ConstraintMakerExtendable.swift */ = {isa = PBXFileReference; fileEncoding = 4; lastKnownFileType = sourcecode.swift; path = ConstraintMakerExtendable.swift; sourceTree = "<group>"; };
		11269BBA271D504300EDB2E7 /* ConstraintPriority.swift */ = {isa = PBXFileReference; fileEncoding = 4; lastKnownFileType = sourcecode.swift; path = ConstraintPriority.swift; sourceTree = "<group>"; };
		11269BBB271D504300EDB2E7 /* ConstraintInsetTarget.swift */ = {isa = PBXFileReference; fileEncoding = 4; lastKnownFileType = sourcecode.swift; path = ConstraintInsetTarget.swift; sourceTree = "<group>"; };
		11269BBC271D504300EDB2E7 /* ConstraintDirectionalInsetTarget.swift */ = {isa = PBXFileReference; fileEncoding = 4; lastKnownFileType = sourcecode.swift; path = ConstraintDirectionalInsetTarget.swift; sourceTree = "<group>"; };
		11269BBD271D504300EDB2E7 /* ConstraintConfig.swift */ = {isa = PBXFileReference; fileEncoding = 4; lastKnownFileType = sourcecode.swift; path = ConstraintConfig.swift; sourceTree = "<group>"; };
		11269BBE271D504300EDB2E7 /* UILayoutSupport+Extensions.swift */ = {isa = PBXFileReference; fileEncoding = 4; lastKnownFileType = sourcecode.swift; path = "UILayoutSupport+Extensions.swift"; sourceTree = "<group>"; };
		11269BBF271D504300EDB2E7 /* ConstraintView.swift */ = {isa = PBXFileReference; fileEncoding = 4; lastKnownFileType = sourcecode.swift; path = ConstraintView.swift; sourceTree = "<group>"; };
		11269BC0271D504300EDB2E7 /* ConstraintLayoutGuide.swift */ = {isa = PBXFileReference; fileEncoding = 4; lastKnownFileType = sourcecode.swift; path = ConstraintLayoutGuide.swift; sourceTree = "<group>"; };
		11269BC1271D504300EDB2E7 /* ConstraintLayoutSupport.swift */ = {isa = PBXFileReference; fileEncoding = 4; lastKnownFileType = sourcecode.swift; path = ConstraintLayoutSupport.swift; sourceTree = "<group>"; };
		11269BC2271D504300EDB2E7 /* Typealiases.swift */ = {isa = PBXFileReference; fileEncoding = 4; lastKnownFileType = sourcecode.swift; path = Typealiases.swift; sourceTree = "<group>"; };
		11269BC3271D504300EDB2E7 /* ConstraintConstantTarget.swift */ = {isa = PBXFileReference; fileEncoding = 4; lastKnownFileType = sourcecode.swift; path = ConstraintConstantTarget.swift; sourceTree = "<group>"; };
		11269BC4271D504300EDB2E7 /* ConstraintOffsetTarget.swift */ = {isa = PBXFileReference; fileEncoding = 4; lastKnownFileType = sourcecode.swift; path = ConstraintOffsetTarget.swift; sourceTree = "<group>"; };
		11269BC5271D504300EDB2E7 /* ConstraintMakerEditable.swift */ = {isa = PBXFileReference; fileEncoding = 4; lastKnownFileType = sourcecode.swift; path = ConstraintMakerEditable.swift; sourceTree = "<group>"; };
		11269BC6271D504300EDB2E7 /* ConstraintMaker.swift */ = {isa = PBXFileReference; fileEncoding = 4; lastKnownFileType = sourcecode.swift; path = ConstraintMaker.swift; sourceTree = "<group>"; };
		11269BC7271D504300EDB2E7 /* ConstraintRelation.swift */ = {isa = PBXFileReference; fileEncoding = 4; lastKnownFileType = sourcecode.swift; path = ConstraintRelation.swift; sourceTree = "<group>"; };
		11269BC8271D504300EDB2E7 /* ConstraintLayoutGuideDSL.swift */ = {isa = PBXFileReference; fileEncoding = 4; lastKnownFileType = sourcecode.swift; path = ConstraintLayoutGuideDSL.swift; sourceTree = "<group>"; };
		11269BC9271D504300EDB2E7 /* ConstraintView+Extensions.swift */ = {isa = PBXFileReference; fileEncoding = 4; lastKnownFileType = sourcecode.swift; path = "ConstraintView+Extensions.swift"; sourceTree = "<group>"; };
		11269BCA271D504300EDB2E7 /* ConstraintItem.swift */ = {isa = PBXFileReference; fileEncoding = 4; lastKnownFileType = sourcecode.swift; path = ConstraintItem.swift; sourceTree = "<group>"; };
		11269BCB271D504300EDB2E7 /* Constraint.swift */ = {isa = PBXFileReference; fileEncoding = 4; lastKnownFileType = sourcecode.swift; path = Constraint.swift; sourceTree = "<group>"; };
		11269BCC271D504300EDB2E7 /* Debugging.swift */ = {isa = PBXFileReference; fileEncoding = 4; lastKnownFileType = sourcecode.swift; path = Debugging.swift; sourceTree = "<group>"; };
		11269BCD271D504300EDB2E7 /* ConstraintRelatableTarget.swift */ = {isa = PBXFileReference; fileEncoding = 4; lastKnownFileType = sourcecode.swift; path = ConstraintRelatableTarget.swift; sourceTree = "<group>"; };
		11269BCE271D504300EDB2E7 /* LayoutConstraint.swift */ = {isa = PBXFileReference; fileEncoding = 4; lastKnownFileType = sourcecode.swift; path = LayoutConstraint.swift; sourceTree = "<group>"; };
		11269BCF271D504300EDB2E7 /* ConstraintLayoutGuide+Extensions.swift */ = {isa = PBXFileReference; fileEncoding = 4; lastKnownFileType = sourcecode.swift; path = "ConstraintLayoutGuide+Extensions.swift"; sourceTree = "<group>"; };
		11269BD0271D504300EDB2E7 /* ConstraintDirectionalInsets.swift */ = {isa = PBXFileReference; fileEncoding = 4; lastKnownFileType = sourcecode.swift; path = ConstraintDirectionalInsets.swift; sourceTree = "<group>"; };
		11269BD1271D504300EDB2E7 /* ConstraintLayoutSupportDSL.swift */ = {isa = PBXFileReference; fileEncoding = 4; lastKnownFileType = sourcecode.swift; path = ConstraintLayoutSupportDSL.swift; sourceTree = "<group>"; };
		11269BD2271D504300EDB2E7 /* ConstraintMakerRelatable.swift */ = {isa = PBXFileReference; fileEncoding = 4; lastKnownFileType = sourcecode.swift; path = ConstraintMakerRelatable.swift; sourceTree = "<group>"; };
		11269BF9271D578400EDB2E7 /* YYCollectionViewSubCell.swift */ = {isa = PBXFileReference; lastKnownFileType = sourcecode.swift; path = YYCollectionViewSubCell.swift; sourceTree = "<group>"; };
		11269BFA271D578400EDB2E7 /* YYCollectionViewSubCell.xib */ = {isa = PBXFileReference; lastKnownFileType = file.xib; path = YYCollectionViewSubCell.xib; sourceTree = "<group>"; };
		11269BFE271D5F3B00EDB2E7 /* YYDeviceModel.swift */ = {isa = PBXFileReference; lastKnownFileType = sourcecode.swift; path = YYDeviceModel.swift; sourceTree = "<group>"; };
/* End PBXFileReference section */

/* Begin PBXFrameworksBuildPhase section */
		11269B8A271D080D00EDB2E7 /* Frameworks */ = {
			isa = PBXFrameworksBuildPhase;
			buildActionMask = 2147483647;
			files = (
			);
			runOnlyForDeploymentPostprocessing = 0;
		};
/* End PBXFrameworksBuildPhase section */

/* Begin PBXGroup section */
		11269B84271D080D00EDB2E7 = {
			isa = PBXGroup;
			children = (
				11269B8F271D080D00EDB2E7 /* YYCellContainCollectionView */,
				11269B8E271D080D00EDB2E7 /* Products */,
			);
			sourceTree = "<group>";
		};
		11269B8E271D080D00EDB2E7 /* Products */ = {
			isa = PBXGroup;
			children = (
				11269B8D271D080D00EDB2E7 /* YYCellContainCollectionView.app */,
			);
			name = Products;
			sourceTree = "<group>";
		};
		11269B8F271D080D00EDB2E7 /* YYCellContainCollectionView */ = {
			isa = PBXGroup;
			children = (
				11269B90271D080D00EDB2E7 /* AppDelegate.swift */,
				11269BA5271D083400EDB2E7 /* MainController */,
				11269BA4271D081B00EDB2E7 /* other */,
			);
			path = YYCellContainCollectionView;
			sourceTree = "<group>";
		};
		11269BA4271D081B00EDB2E7 /* other */ = {
			isa = PBXGroup;
			children = (
				11269BAE271D504300EDB2E7 /* SnapKit */,
				11269B94271D080D00EDB2E7 /* ViewController.swift */,
				11269B96271D080D00EDB2E7 /* Main.storyboard */,
				11269B99271D080E00EDB2E7 /* Assets.xcassets */,
				11269B9B271D080E00EDB2E7 /* LaunchScreen.storyboard */,
				11269B9E271D080E00EDB2E7 /* Info.plist */,
			);
			path = other;
			sourceTree = "<group>";
		};
		11269BA5271D083400EDB2E7 /* MainController */ = {
			isa = PBXGroup;
			children = (
				11269BA6271D084200EDB2E7 /* Controller */,
				11269BA9271D47C000EDB2E7 /* View */,
				11269BFD271D5F1000EDB2E7 /* Model */,
			);
			path = MainController;
			sourceTree = "<group>";
		};
		11269BA6271D084200EDB2E7 /* Controller */ = {
			isa = PBXGroup;
			children = (
				11269BA7271D086A00EDB2E7 /* YYMainViewController.swift */,
			);
			path = Controller;
			sourceTree = "<group>";
		};
		11269BA9271D47C000EDB2E7 /* View */ = {
			isa = PBXGroup;
			children = (
				11269BF7271D575400EDB2E7 /* mainCell */,
				11269BF8271D575F00EDB2E7 /* subCell */,
			);
			path = View;
			sourceTree = "<group>";
		};
		11269BAE271D504300EDB2E7 /* SnapKit */ = {
			isa = PBXGroup;
			children = (
				11269BAF271D504300EDB2E7 /* ConstraintMultiplierTarget.swift */,
				11269BB0271D504300EDB2E7 /* LayoutConstraintItem.swift */,
				11269BB1271D504300EDB2E7 /* ConstraintDescription.swift */,
				11269BB2271D504300EDB2E7 /* ConstraintMakerPriortizable.swift */,
				11269BB3271D504300EDB2E7 /* ConstraintAttributes.swift */,
				11269BB4271D504300EDB2E7 /* ConstraintViewDSL.swift */,
				11269BB5271D504300EDB2E7 /* ConstraintPriorityTarget.swift */,
				11269BB6271D504300EDB2E7 /* ConstraintInsets.swift */,
				11269BB7271D504300EDB2E7 /* ConstraintMakerFinalizable.swift */,
				11269BB8271D504300EDB2E7 /* ConstraintDSL.swift */,
				11269BB9271D504300EDB2E7 /* ConstraintMakerExtendable.swift */,
				11269BBA271D504300EDB2E7 /* ConstraintPriority.swift */,
				11269BBB271D504300EDB2E7 /* ConstraintInsetTarget.swift */,
				11269BBC271D504300EDB2E7 /* ConstraintDirectionalInsetTarget.swift */,
				11269BBD271D504300EDB2E7 /* ConstraintConfig.swift */,
				11269BBE271D504300EDB2E7 /* UILayoutSupport+Extensions.swift */,
				11269BBF271D504300EDB2E7 /* ConstraintView.swift */,
				11269BC0271D504300EDB2E7 /* ConstraintLayoutGuide.swift */,
				11269BC1271D504300EDB2E7 /* ConstraintLayoutSupport.swift */,
				11269BC2271D504300EDB2E7 /* Typealiases.swift */,
				11269BC3271D504300EDB2E7 /* ConstraintConstantTarget.swift */,
				11269BC4271D504300EDB2E7 /* ConstraintOffsetTarget.swift */,
				11269BC5271D504300EDB2E7 /* ConstraintMakerEditable.swift */,
				11269BC6271D504300EDB2E7 /* ConstraintMaker.swift */,
				11269BC7271D504300EDB2E7 /* ConstraintRelation.swift */,
				11269BC8271D504300EDB2E7 /* ConstraintLayoutGuideDSL.swift */,
				11269BC9271D504300EDB2E7 /* ConstraintView+Extensions.swift */,
				11269BCA271D504300EDB2E7 /* ConstraintItem.swift */,
				11269BCB271D504300EDB2E7 /* Constraint.swift */,
				11269BCC271D504300EDB2E7 /* Debugging.swift */,
				11269BCD271D504300EDB2E7 /* ConstraintRelatableTarget.swift */,
				11269BCE271D504300EDB2E7 /* LayoutConstraint.swift */,
				11269BCF271D504300EDB2E7 /* ConstraintLayoutGuide+Extensions.swift */,
				11269BD0271D504300EDB2E7 /* ConstraintDirectionalInsets.swift */,
				11269BD1271D504300EDB2E7 /* ConstraintLayoutSupportDSL.swift */,
				11269BD2271D504300EDB2E7 /* ConstraintMakerRelatable.swift */,
			);
			path = SnapKit;
			sourceTree = "<group>";
		};
		11269BF7271D575400EDB2E7 /* mainCell */ = {
			isa = PBXGroup;
			children = (
				11269BAA271D47D000EDB2E7 /* YYCollectionViewCell.swift */,
				11269BAB271D47D000EDB2E7 /* YYCollectionViewCell.xib */,
			);
			path = mainCell;
			sourceTree = "<group>";
		};
		11269BF8271D575F00EDB2E7 /* subCell */ = {
			isa = PBXGroup;
			children = (
				11269BF9271D578400EDB2E7 /* YYCollectionViewSubCell.swift */,
				11269BFA271D578400EDB2E7 /* YYCollectionViewSubCell.xib */,
			);
			path = subCell;
			sourceTree = "<group>";
		};
		11269BFD271D5F1000EDB2E7 /* Model */ = {
			isa = PBXGroup;
			children = (
				11269BFE271D5F3B00EDB2E7 /* YYDeviceModel.swift */,
			);
			path = Model;
			sourceTree = "<group>";
		};
/* End PBXGroup section */

/* Begin PBXNativeTarget section */
		11269B8C271D080D00EDB2E7 /* YYCellContainCollectionView */ = {
			isa = PBXNativeTarget;
			buildConfigurationList = 11269BA1271D080E00EDB2E7 /* Build configuration list for PBXNativeTarget "YYCellContainCollectionView" */;
			buildPhases = (
				11269B89271D080D00EDB2E7 /* Sources */,
				11269B8A271D080D00EDB2E7 /* Frameworks */,
				11269B8B271D080D00EDB2E7 /* Resources */,
			);
			buildRules = (
			);
			dependencies = (
			);
			name = YYCellContainCollectionView;
			productName = YYCellContainCollectionView;
			productReference = 11269B8D271D080D00EDB2E7 /* YYCellContainCollectionView.app */;
			productType = "com.apple.product-type.application";
		};
/* End PBXNativeTarget section */

/* Begin PBXProject section */
		11269B85271D080D00EDB2E7 /* Project object */ = {
			isa = PBXProject;
			attributes = {
				LastSwiftUpdateCheck = 1250;
				LastUpgradeCheck = 1250;
				TargetAttributes = {
					11269B8C271D080D00EDB2E7 = {
						CreatedOnToolsVersion = 12.5.1;
					};
				};
			};
			buildConfigurationList = 11269B88271D080D00EDB2E7 /* Build configuration list for PBXProject "YYCellContainCollectionView" */;
			compatibilityVersion = "Xcode 9.3";
			developmentRegion = en;
			hasScannedForEncodings = 0;
			knownRegions = (
				en,
				Base,
			);
			mainGroup = 11269B84271D080D00EDB2E7;
			productRefGroup = 11269B8E271D080D00EDB2E7 /* Products */;
			projectDirPath = "";
			projectRoot = "";
			targets = (
				11269B8C271D080D00EDB2E7 /* YYCellContainCollectionView */,
			);
		};
/* End PBXProject section */

/* Begin PBXResourcesBuildPhase section */
		11269B8B271D080D00EDB2E7 /* Resources */ = {
			isa = PBXResourcesBuildPhase;
			buildActionMask = 2147483647;
			files = (
				11269B9D271D080E00EDB2E7 /* LaunchScreen.storyboard in Resources */,
				11269B9A271D080E00EDB2E7 /* Assets.xcassets in Resources */,
				11269BAD271D47D000EDB2E7 /* YYCollectionViewCell.xib in Resources */,
				11269B98271D080D00EDB2E7 /* Main.storyboard in Resources */,
				11269BFC271D578400EDB2E7 /* YYCollectionViewSubCell.xib in Resources */,
			);
			runOnlyForDeploymentPostprocessing = 0;
		};
/* End PBXResourcesBuildPhase section */

/* Begin PBXSourcesBuildPhase section */
		11269B89271D080D00EDB2E7 /* Sources */ = {
			isa = PBXSourcesBuildPhase;
			buildActionMask = 2147483647;
			files = (
				11269BEB271D504300EDB2E7 /* ConstraintRelation.swift in Sources */,
				11269BE9271D504300EDB2E7 /* ConstraintMakerEditable.swift in Sources */,
				11269BF6271D504300EDB2E7 /* ConstraintMakerRelatable.swift in Sources */,
				11269BDA271D504300EDB2E7 /* ConstraintInsets.swift in Sources */,
				11269BF1271D504300EDB2E7 /* ConstraintRelatableTarget.swift in Sources */,
				11269BEE271D504300EDB2E7 /* ConstraintItem.swift in Sources */,
				11269BF3271D504300EDB2E7 /* ConstraintLayoutGuide+Extensions.swift in Sources */,
				11269BE5271D504300EDB2E7 /* ConstraintLayoutSupport.swift in Sources */,
				11269BD7271D504300EDB2E7 /* ConstraintAttributes.swift in Sources */,
				11269BEC271D504300EDB2E7 /* ConstraintLayoutGuideDSL.swift in Sources */,
				11269BD8271D504300EDB2E7 /* ConstraintViewDSL.swift in Sources */,
				11269BE8271D504300EDB2E7 /* ConstraintOffsetTarget.swift in Sources */,
				11269BD6271D504300EDB2E7 /* ConstraintMakerPriortizable.swift in Sources */,
				11269B95271D080D00EDB2E7 /* ViewController.swift in Sources */,
				11269BFB271D578400EDB2E7 /* YYCollectionViewSubCell.swift in Sources */,
				11269B91271D080D00EDB2E7 /* AppDelegate.swift in Sources */,
				11269BF0271D504300EDB2E7 /* Debugging.swift in Sources */,
				11269BEA271D504300EDB2E7 /* ConstraintMaker.swift in Sources */,
				11269BD9271D504300EDB2E7 /* ConstraintPriorityTarget.swift in Sources */,
				11269BED271D504300EDB2E7 /* ConstraintView+Extensions.swift in Sources */,
				11269BE6271D504300EDB2E7 /* Typealiases.swift in Sources */,
				11269BAC271D47D000EDB2E7 /* YYCollectionViewCell.swift in Sources */,
				11269BDD271D504300EDB2E7 /* ConstraintMakerExtendable.swift in Sources */,
				11269BEF271D504300EDB2E7 /* Constraint.swift in Sources */,
				11269BE3271D504300EDB2E7 /* ConstraintView.swift in Sources */,
				11269BA8271D086A00EDB2E7 /* YYMainViewController.swift in Sources */,
				11269BE2271D504300EDB2E7 /* UILayoutSupport+Extensions.swift in Sources */,
				11269BDE271D504300EDB2E7 /* ConstraintPriority.swift in Sources */,
				11269BD3271D504300EDB2E7 /* ConstraintMultiplierTarget.swift in Sources */,
				11269BF4271D504300EDB2E7 /* ConstraintDirectionalInsets.swift in Sources */,
				11269BD5271D504300EDB2E7 /* ConstraintDescription.swift in Sources */,
				11269BE7271D504300EDB2E7 /* ConstraintConstantTarget.swift in Sources */,
				11269BDF271D504300EDB2E7 /* ConstraintInsetTarget.swift in Sources */,
				11269BD4271D504300EDB2E7 /* LayoutConstraintItem.swift in Sources */,
				11269BE4271D504300EDB2E7 /* ConstraintLayoutGuide.swift in Sources */,
				11269BDC271D504300EDB2E7 /* ConstraintDSL.swift in Sources */,
				11269BF2271D504300EDB2E7 /* LayoutConstraint.swift in Sources */,
				11269BFF271D5F3B00EDB2E7 /* YYDeviceModel.swift in Sources */,
				11269BF5271D504300EDB2E7 /* ConstraintLayoutSupportDSL.swift in Sources */,
				11269BE1271D504300EDB2E7 /* ConstraintConfig.swift in Sources */,
				11269BE0271D504300EDB2E7 /* ConstraintDirectionalInsetTarget.swift in Sources */,
				11269BDB271D504300EDB2E7 /* ConstraintMakerFinalizable.swift in Sources */,
			);
			runOnlyForDeploymentPostprocessing = 0;
		};
/* End PBXSourcesBuildPhase section */

/* Begin PBXVariantGroup section */
		11269B96271D080D00EDB2E7 /* Main.storyboard */ = {
			isa = PBXVariantGroup;
			children = (
				11269B97271D080D00EDB2E7 /* Base */,
			);
			name = Main.storyboard;
			sourceTree = "<group>";
		};
		11269B9B271D080E00EDB2E7 /* LaunchScreen.storyboard */ = {
			isa = PBXVariantGroup;
			children = (
				11269B9C271D080E00EDB2E7 /* Base */,
			);
			name = LaunchScreen.storyboard;
			sourceTree = "<group>";
		};
/* End PBXVariantGroup section */

/* Begin XCBuildConfiguration section */
		11269B9F271D080E00EDB2E7 /* Debug */ = {
			isa = XCBuildConfiguration;
			buildSettings = {
				ALWAYS_SEARCH_USER_PATHS = NO;
				CLANG_ANALYZER_NONNULL = YES;
				CLANG_ANALYZER_NUMBER_OBJECT_CONVERSION = YES_AGGRESSIVE;
				CLANG_CXX_LANGUAGE_STANDARD = "gnu++14";
				CLANG_CXX_LIBRARY = "libc++";
				CLANG_ENABLE_MODULES = YES;
				CLANG_ENABLE_OBJC_ARC = YES;
				CLANG_ENABLE_OBJC_WEAK = YES;
				CLANG_WARN_BLOCK_CAPTURE_AUTORELEASING = YES;
				CLANG_WARN_BOOL_CONVERSION = YES;
				CLANG_WARN_COMMA = YES;
				CLANG_WARN_CONSTANT_CONVERSION = YES;
				CLANG_WARN_DEPRECATED_OBJC_IMPLEMENTATIONS = YES;
				CLANG_WARN_DIRECT_OBJC_ISA_USAGE = YES_ERROR;
				CLANG_WARN_DOCUMENTATION_COMMENTS = YES;
				CLANG_WARN_EMPTY_BODY = YES;
				CLANG_WARN_ENUM_CONVERSION = YES;
				CLANG_WARN_INFINITE_RECURSION = YES;
				CLANG_WARN_INT_CONVERSION = YES;
				CLANG_WARN_NON_LITERAL_NULL_CONVERSION = YES;
				CLANG_WARN_OBJC_IMPLICIT_RETAIN_SELF = YES;
				CLANG_WARN_OBJC_LITERAL_CONVERSION = YES;
				CLANG_WARN_OBJC_ROOT_CLASS = YES_ERROR;
				CLANG_WARN_QUOTED_INCLUDE_IN_FRAMEWORK_HEADER = YES;
				CLANG_WARN_RANGE_LOOP_ANALYSIS = YES;
				CLANG_WARN_STRICT_PROTOTYPES = YES;
				CLANG_WARN_SUSPICIOUS_MOVE = YES;
				CLANG_WARN_UNGUARDED_AVAILABILITY = YES_AGGRESSIVE;
				CLANG_WARN_UNREACHABLE_CODE = YES;
				CLANG_WARN__DUPLICATE_METHOD_MATCH = YES;
				COPY_PHASE_STRIP = NO;
				DEBUG_INFORMATION_FORMAT = dwarf;
				ENABLE_STRICT_OBJC_MSGSEND = YES;
				ENABLE_TESTABILITY = YES;
				GCC_C_LANGUAGE_STANDARD = gnu11;
				GCC_DYNAMIC_NO_PIC = NO;
				GCC_NO_COMMON_BLOCKS = YES;
				GCC_OPTIMIZATION_LEVEL = 0;
				GCC_PREPROCESSOR_DEFINITIONS = (
					"DEBUG=1",
					"$(inherited)",
				);
				GCC_WARN_64_TO_32_BIT_CONVERSION = YES;
				GCC_WARN_ABOUT_RETURN_TYPE = YES_ERROR;
				GCC_WARN_UNDECLARED_SELECTOR = YES;
				GCC_WARN_UNINITIALIZED_AUTOS = YES_AGGRESSIVE;
				GCC_WARN_UNUSED_FUNCTION = YES;
				GCC_WARN_UNUSED_VARIABLE = YES;
				IPHONEOS_DEPLOYMENT_TARGET = 14.5;
				MTL_ENABLE_DEBUG_INFO = INCLUDE_SOURCE;
				MTL_FAST_MATH = YES;
				ONLY_ACTIVE_ARCH = YES;
				SDKROOT = iphoneos;
				SWIFT_ACTIVE_COMPILATION_CONDITIONS = DEBUG;
				SWIFT_OPTIMIZATION_LEVEL = "-Onone";
			};
			name = Debug;
		};
		11269BA0271D080E00EDB2E7 /* Release */ = {
			isa = XCBuildConfiguration;
			buildSettings = {
				ALWAYS_SEARCH_USER_PATHS = NO;
				CLANG_ANALYZER_NONNULL = YES;
				CLANG_ANALYZER_NUMBER_OBJECT_CONVERSION = YES_AGGRESSIVE;
				CLANG_CXX_LANGUAGE_STANDARD = "gnu++14";
				CLANG_CXX_LIBRARY = "libc++";
				CLANG_ENABLE_MODULES = YES;
				CLANG_ENABLE_OBJC_ARC = YES;
				CLANG_ENABLE_OBJC_WEAK = YES;
				CLANG_WARN_BLOCK_CAPTURE_AUTORELEASING = YES;
				CLANG_WARN_BOOL_CONVERSION = YES;
				CLANG_WARN_COMMA = YES;
				CLANG_WARN_CONSTANT_CONVERSION = YES;
				CLANG_WARN_DEPRECATED_OBJC_IMPLEMENTATIONS = YES;
				CLANG_WARN_DIRECT_OBJC_ISA_USAGE = YES_ERROR;
				CLANG_WARN_DOCUMENTATION_COMMENTS = YES;
				CLANG_WARN_EMPTY_BODY = YES;
				CLANG_WARN_ENUM_CONVERSION = YES;
				CLANG_WARN_INFINITE_RECURSION = YES;
				CLANG_WARN_INT_CONVERSION = YES;
				CLANG_WARN_NON_LITERAL_NULL_CONVERSION = YES;
				CLANG_WARN_OBJC_IMPLICIT_RETAIN_SELF = YES;
				CLANG_WARN_OBJC_LITERAL_CONVERSION = YES;
				CLANG_WARN_OBJC_ROOT_CLASS = YES_ERROR;
				CLANG_WARN_QUOTED_INCLUDE_IN_FRAMEWORK_HEADER = YES;
				CLANG_WARN_RANGE_LOOP_ANALYSIS = YES;
				CLANG_WARN_STRICT_PROTOTYPES = YES;
				CLANG_WARN_SUSPICIOUS_MOVE = YES;
				CLANG_WARN_UNGUARDED_AVAILABILITY = YES_AGGRESSIVE;
				CLANG_WARN_UNREACHABLE_CODE = YES;
				CLANG_WARN__DUPLICATE_METHOD_MATCH = YES;
				COPY_PHASE_STRIP = NO;
				DEBUG_INFORMATION_FORMAT = "dwarf-with-dsym";
				ENABLE_NS_ASSERTIONS = NO;
				ENABLE_STRICT_OBJC_MSGSEND = YES;
				GCC_C_LANGUAGE_STANDARD = gnu11;
				GCC_NO_COMMON_BLOCKS = YES;
				GCC_WARN_64_TO_32_BIT_CONVERSION = YES;
				GCC_WARN_ABOUT_RETURN_TYPE = YES_ERROR;
				GCC_WARN_UNDECLARED_SELECTOR = YES;
				GCC_WARN_UNINITIALIZED_AUTOS = YES_AGGRESSIVE;
				GCC_WARN_UNUSED_FUNCTION = YES;
				GCC_WARN_UNUSED_VARIABLE = YES;
				IPHONEOS_DEPLOYMENT_TARGET = 14.5;
				MTL_ENABLE_DEBUG_INFO = NO;
				MTL_FAST_MATH = YES;
				SDKROOT = iphoneos;
				SWIFT_COMPILATION_MODE = wholemodule;
				SWIFT_OPTIMIZATION_LEVEL = "-O";
				VALIDATE_PRODUCT = YES;
			};
			name = Release;
		};
		11269BA2271D080E00EDB2E7 /* Debug */ = {
			isa = XCBuildConfiguration;
			buildSettings = {
				ASSETCATALOG_COMPILER_APPICON_NAME = AppIcon;
				ASSETCATALOG_COMPILER_GLOBAL_ACCENT_COLOR_NAME = AccentColor;
				CODE_SIGN_STYLE = Automatic;
				DEVELOPMENT_TEAM = 59PVTAC458;
				INFOPLIST_FILE = YYCellContainCollectionView/other/Info.plist;
				LD_RUNPATH_SEARCH_PATHS = (
					"$(inherited)",
					"@executable_path/Frameworks",
				);
				PRODUCT_BUNDLE_IDENTIFIER = com.skyworth.com.YYCellContainCollectionView;
				PRODUCT_NAME = "$(TARGET_NAME)";
				SWIFT_VERSION = 5.0;
				TARGETED_DEVICE_FAMILY = "1,2";
			};
			name = Debug;
		};
		11269BA3271D080E00EDB2E7 /* Release */ = {
			isa = XCBuildConfiguration;
			buildSettings = {
				ASSETCATALOG_COMPILER_APPICON_NAME = AppIcon;
				ASSETCATALOG_COMPILER_GLOBAL_ACCENT_COLOR_NAME = AccentColor;
				CODE_SIGN_STYLE = Automatic;
				DEVELOPMENT_TEAM = 59PVTAC458;
				INFOPLIST_FILE = YYCellContainCollectionView/other/Info.plist;
				LD_RUNPATH_SEARCH_PATHS = (
					"$(inherited)",
					"@executable_path/Frameworks",
				);
				PRODUCT_BUNDLE_IDENTIFIER = com.skyworth.com.YYCellContainCollectionView;
				PRODUCT_NAME = "$(TARGET_NAME)";
				SWIFT_VERSION = 5.0;
				TARGETED_DEVICE_FAMILY = "1,2";
			};
			name = Release;
		};
/* End XCBuildConfiguration section */

/* Begin XCConfigurationList section */
		11269B88271D080D00EDB2E7 /* Build configuration list for PBXProject "YYCellContainCollectionView" */ = {
			isa = XCConfigurationList;
			buildConfigurations = (
				11269B9F271D080E00EDB2E7 /* Debug */,
				11269BA0271D080E00EDB2E7 /* Release */,
			);
			defaultConfigurationIsVisible = 0;
			defaultConfigurationName = Release;
		};
		11269BA1271D080E00EDB2E7 /* Build configuration list for PBXNativeTarget "YYCellContainCollectionView" */ = {
			isa = XCConfigurationList;
			buildConfigurations = (
				11269BA2271D080E00EDB2E7 /* Debug */,
				11269BA3271D080E00EDB2E7 /* Release */,
			);
			defaultConfigurationIsVisible = 0;
			defaultConfigurationName = Release;
		};
/* End XCConfigurationList section */
	};
	rootObject = 11269B85271D080D00EDB2E7 /* Project object */;
}
