// !$*UTF8*$!
{
	archiveVersion = 1;
	classes = {
	};
	objectVersion = 50;
	objects = {

/* Begin PBXBuildFile section */
		115A81E927197F1100D560E3 /* ConstraintMultiplierTarget.swift in Sources */ = {isa = PBXBuildFile; fileRef = 115A81C527197F1100D560E3 /* ConstraintMultiplierTarget.swift */; };
		115A81EA27197F1100D560E3 /* LayoutConstraintItem.swift in Sources */ = {isa = PBXBuildFile; fileRef = 115A81C627197F1100D560E3 /* LayoutConstraintItem.swift */; };
		115A81EB27197F1100D560E3 /* ConstraintDescription.swift in Sources */ = {isa = PBXBuildFile; fileRef = 115A81C727197F1100D560E3 /* ConstraintDescription.swift */; };
		115A81EC27197F1100D560E3 /* ConstraintMakerPriortizable.swift in Sources */ = {isa = PBXBuildFile; fileRef = 115A81C827197F1100D560E3 /* ConstraintMakerPriortizable.swift */; };
		115A81ED27197F1100D560E3 /* ConstraintAttributes.swift in Sources */ = {isa = PBXBuildFile; fileRef = 115A81C927197F1100D560E3 /* ConstraintAttributes.swift */; };
		115A81EE27197F1100D560E3 /* ConstraintViewDSL.swift in Sources */ = {isa = PBXBuildFile; fileRef = 115A81CA27197F1100D560E3 /* ConstraintViewDSL.swift */; };
		115A81EF27197F1100D560E3 /* ConstraintPriorityTarget.swift in Sources */ = {isa = PBXBuildFile; fileRef = 115A81CB27197F1100D560E3 /* ConstraintPriorityTarget.swift */; };
		115A81F027197F1100D560E3 /* ConstraintInsets.swift in Sources */ = {isa = PBXBuildFile; fileRef = 115A81CC27197F1100D560E3 /* ConstraintInsets.swift */; };
		115A81F127197F1100D560E3 /* ConstraintMakerFinalizable.swift in Sources */ = {isa = PBXBuildFile; fileRef = 115A81CD27197F1100D560E3 /* ConstraintMakerFinalizable.swift */; };
		115A81F227197F1100D560E3 /* ConstraintDSL.swift in Sources */ = {isa = PBXBuildFile; fileRef = 115A81CE27197F1100D560E3 /* ConstraintDSL.swift */; };
		115A81F327197F1100D560E3 /* ConstraintMakerExtendable.swift in Sources */ = {isa = PBXBuildFile; fileRef = 115A81CF27197F1100D560E3 /* ConstraintMakerExtendable.swift */; };
		115A81F427197F1100D560E3 /* ConstraintPriority.swift in Sources */ = {isa = PBXBuildFile; fileRef = 115A81D027197F1100D560E3 /* ConstraintPriority.swift */; };
		115A81F527197F1100D560E3 /* ConstraintInsetTarget.swift in Sources */ = {isa = PBXBuildFile; fileRef = 115A81D127197F1100D560E3 /* ConstraintInsetTarget.swift */; };
		115A81F627197F1100D560E3 /* ConstraintDirectionalInsetTarget.swift in Sources */ = {isa = PBXBuildFile; fileRef = 115A81D227197F1100D560E3 /* ConstraintDirectionalInsetTarget.swift */; };
		115A81F727197F1100D560E3 /* ConstraintConfig.swift in Sources */ = {isa = PBXBuildFile; fileRef = 115A81D327197F1100D560E3 /* ConstraintConfig.swift */; };
		115A81F827197F1100D560E3 /* UILayoutSupport+Extensions.swift in Sources */ = {isa = PBXBuildFile; fileRef = 115A81D427197F1100D560E3 /* UILayoutSupport+Extensions.swift */; };
		115A81F927197F1100D560E3 /* ConstraintView.swift in Sources */ = {isa = PBXBuildFile; fileRef = 115A81D527197F1100D560E3 /* ConstraintView.swift */; };
		115A81FA27197F1100D560E3 /* ConstraintLayoutGuide.swift in Sources */ = {isa = PBXBuildFile; fileRef = 115A81D627197F1100D560E3 /* ConstraintLayoutGuide.swift */; };
		115A81FB27197F1100D560E3 /* ConstraintLayoutSupport.swift in Sources */ = {isa = PBXBuildFile; fileRef = 115A81D727197F1100D560E3 /* ConstraintLayoutSupport.swift */; };
		115A81FC27197F1100D560E3 /* Typealiases.swift in Sources */ = {isa = PBXBuildFile; fileRef = 115A81D827197F1100D560E3 /* Typealiases.swift */; };
		115A81FD27197F1100D560E3 /* ConstraintConstantTarget.swift in Sources */ = {isa = PBXBuildFile; fileRef = 115A81D927197F1100D560E3 /* ConstraintConstantTarget.swift */; };
		115A81FE27197F1100D560E3 /* ConstraintOffsetTarget.swift in Sources */ = {isa = PBXBuildFile; fileRef = 115A81DA27197F1100D560E3 /* ConstraintOffsetTarget.swift */; };
		115A81FF27197F1100D560E3 /* ConstraintMakerEditable.swift in Sources */ = {isa = PBXBuildFile; fileRef = 115A81DB27197F1100D560E3 /* ConstraintMakerEditable.swift */; };
		115A820027197F1100D560E3 /* ConstraintMaker.swift in Sources */ = {isa = PBXBuildFile; fileRef = 115A81DC27197F1100D560E3 /* ConstraintMaker.swift */; };
		115A820127197F1100D560E3 /* ConstraintRelation.swift in Sources */ = {isa = PBXBuildFile; fileRef = 115A81DD27197F1100D560E3 /* ConstraintRelation.swift */; };
		115A820227197F1100D560E3 /* ConstraintLayoutGuideDSL.swift in Sources */ = {isa = PBXBuildFile; fileRef = 115A81DE27197F1100D560E3 /* ConstraintLayoutGuideDSL.swift */; };
		115A820327197F1100D560E3 /* ConstraintView+Extensions.swift in Sources */ = {isa = PBXBuildFile; fileRef = 115A81DF27197F1100D560E3 /* ConstraintView+Extensions.swift */; };
		115A820427197F1100D560E3 /* ConstraintItem.swift in Sources */ = {isa = PBXBuildFile; fileRef = 115A81E027197F1100D560E3 /* ConstraintItem.swift */; };
		115A820527197F1100D560E3 /* Constraint.swift in Sources */ = {isa = PBXBuildFile; fileRef = 115A81E127197F1100D560E3 /* Constraint.swift */; };
		115A820627197F1100D560E3 /* Debugging.swift in Sources */ = {isa = PBXBuildFile; fileRef = 115A81E227197F1100D560E3 /* Debugging.swift */; };
		115A820727197F1100D560E3 /* ConstraintRelatableTarget.swift in Sources */ = {isa = PBXBuildFile; fileRef = 115A81E327197F1100D560E3 /* ConstraintRelatableTarget.swift */; };
		115A820827197F1100D560E3 /* LayoutConstraint.swift in Sources */ = {isa = PBXBuildFile; fileRef = 115A81E427197F1100D560E3 /* LayoutConstraint.swift */; };
		115A820927197F1100D560E3 /* ConstraintLayoutGuide+Extensions.swift in Sources */ = {isa = PBXBuildFile; fileRef = 115A81E527197F1100D560E3 /* ConstraintLayoutGuide+Extensions.swift */; };
		115A820A27197F1100D560E3 /* ConstraintDirectionalInsets.swift in Sources */ = {isa = PBXBuildFile; fileRef = 115A81E627197F1100D560E3 /* ConstraintDirectionalInsets.swift */; };
		115A820B27197F1100D560E3 /* ConstraintLayoutSupportDSL.swift in Sources */ = {isa = PBXBuildFile; fileRef = 115A81E727197F1100D560E3 /* ConstraintLayoutSupportDSL.swift */; };
		115A820C27197F1100D560E3 /* ConstraintMakerRelatable.swift in Sources */ = {isa = PBXBuildFile; fileRef = 115A81E827197F1100D560E3 /* ConstraintMakerRelatable.swift */; };
		117BA75427040FC600A6BD4C /* AppDelegate.swift in Sources */ = {isa = PBXBuildFile; fileRef = 117BA75327040FC600A6BD4C /* AppDelegate.swift */; };
		117BA75827040FC600A6BD4C /* ViewController.swift in Sources */ = {isa = PBXBuildFile; fileRef = 117BA75727040FC600A6BD4C /* ViewController.swift */; };
		117BA75B27040FC600A6BD4C /* Main.storyboard in Resources */ = {isa = PBXBuildFile; fileRef = 117BA75927040FC600A6BD4C /* Main.storyboard */; };
		117BA75D27040FC700A6BD4C /* Assets.xcassets in Resources */ = {isa = PBXBuildFile; fileRef = 117BA75C27040FC700A6BD4C /* Assets.xcassets */; };
		117BA76027040FC700A6BD4C /* LaunchScreen.storyboard in Resources */ = {isa = PBXBuildFile; fileRef = 117BA75E27040FC700A6BD4C /* LaunchScreen.storyboard */; };
		117BA76927040FF200A6BD4C /* YYMainViewController.swift in Sources */ = {isa = PBXBuildFile; fileRef = 117BA76827040FF200A6BD4C /* YYMainViewController.swift */; };
/* End PBXBuildFile section */

/* Begin PBXFileReference section */
		115A81C527197F1100D560E3 /* ConstraintMultiplierTarget.swift */ = {isa = PBXFileReference; fileEncoding = 4; lastKnownFileType = sourcecode.swift; path = ConstraintMultiplierTarget.swift; sourceTree = "<group>"; };
		115A81C627197F1100D560E3 /* LayoutConstraintItem.swift */ = {isa = PBXFileReference; fileEncoding = 4; lastKnownFileType = sourcecode.swift; path = LayoutConstraintItem.swift; sourceTree = "<group>"; };
		115A81C727197F1100D560E3 /* ConstraintDescription.swift */ = {isa = PBXFileReference; fileEncoding = 4; lastKnownFileType = sourcecode.swift; path = ConstraintDescription.swift; sourceTree = "<group>"; };
		115A81C827197F1100D560E3 /* ConstraintMakerPriortizable.swift */ = {isa = PBXFileReference; fileEncoding = 4; lastKnownFileType = sourcecode.swift; path = ConstraintMakerPriortizable.swift; sourceTree = "<group>"; };
		115A81C927197F1100D560E3 /* ConstraintAttributes.swift */ = {isa = PBXFileReference; fileEncoding = 4; lastKnownFileType = sourcecode.swift; path = ConstraintAttributes.swift; sourceTree = "<group>"; };
		115A81CA27197F1100D560E3 /* ConstraintViewDSL.swift */ = {isa = PBXFileReference; fileEncoding = 4; lastKnownFileType = sourcecode.swift; path = ConstraintViewDSL.swift; sourceTree = "<group>"; };
		115A81CB27197F1100D560E3 /* ConstraintPriorityTarget.swift */ = {isa = PBXFileReference; fileEncoding = 4; lastKnownFileType = sourcecode.swift; path = ConstraintPriorityTarget.swift; sourceTree = "<group>"; };
		115A81CC27197F1100D560E3 /* ConstraintInsets.swift */ = {isa = PBXFileReference; fileEncoding = 4; lastKnownFileType = sourcecode.swift; path = ConstraintInsets.swift; sourceTree = "<group>"; };
		115A81CD27197F1100D560E3 /* ConstraintMakerFinalizable.swift */ = {isa = PBXFileReference; fileEncoding = 4; lastKnownFileType = sourcecode.swift; path = ConstraintMakerFinalizable.swift; sourceTree = "<group>"; };
		115A81CE27197F1100D560E3 /* ConstraintDSL.swift */ = {isa = PBXFileReference; fileEncoding = 4; lastKnownFileType = sourcecode.swift; path = ConstraintDSL.swift; sourceTree = "<group>"; };
		115A81CF27197F1100D560E3 /* ConstraintMakerExtendable.swift */ = {isa = PBXFileReference; fileEncoding = 4; lastKnownFileType = sourcecode.swift; path = ConstraintMakerExtendable.swift; sourceTree = "<group>"; };
		115A81D027197F1100D560E3 /* ConstraintPriority.swift */ = {isa = PBXFileReference; fileEncoding = 4; lastKnownFileType = sourcecode.swift; path = ConstraintPriority.swift; sourceTree = "<group>"; };
		115A81D127197F1100D560E3 /* ConstraintInsetTarget.swift */ = {isa = PBXFileReference; fileEncoding = 4; lastKnownFileType = sourcecode.swift; path = ConstraintInsetTarget.swift; sourceTree = "<group>"; };
		115A81D227197F1100D560E3 /* ConstraintDirectionalInsetTarget.swift */ = {isa = PBXFileReference; fileEncoding = 4; lastKnownFileType = sourcecode.swift; path = ConstraintDirectionalInsetTarget.swift; sourceTree = "<group>"; };
		115A81D327197F1100D560E3 /* ConstraintConfig.swift */ = {isa = PBXFileReference; fileEncoding = 4; lastKnownFileType = sourcecode.swift; path = ConstraintConfig.swift; sourceTree = "<group>"; };
		115A81D427197F1100D560E3 /* UILayoutSupport+Extensions.swift */ = {isa = PBXFileReference; fileEncoding = 4; lastKnownFileType = sourcecode.swift; path = "UILayoutSupport+Extensions.swift"; sourceTree = "<group>"; };
		115A81D527197F1100D560E3 /* ConstraintView.swift */ = {isa = PBXFileReference; fileEncoding = 4; lastKnownFileType = sourcecode.swift; path = ConstraintView.swift; sourceTree = "<group>"; };
		115A81D627197F1100D560E3 /* ConstraintLayoutGuide.swift */ = {isa = PBXFileReference; fileEncoding = 4; lastKnownFileType = sourcecode.swift; path = ConstraintLayoutGuide.swift; sourceTree = "<group>"; };
		115A81D727197F1100D560E3 /* ConstraintLayoutSupport.swift */ = {isa = PBXFileReference; fileEncoding = 4; lastKnownFileType = sourcecode.swift; path = ConstraintLayoutSupport.swift; sourceTree = "<group>"; };
		115A81D827197F1100D560E3 /* Typealiases.swift */ = {isa = PBXFileReference; fileEncoding = 4; lastKnownFileType = sourcecode.swift; path = Typealiases.swift; sourceTree = "<group>"; };
		115A81D927197F1100D560E3 /* ConstraintConstantTarget.swift */ = {isa = PBXFileReference; fileEncoding = 4; lastKnownFileType = sourcecode.swift; path = ConstraintConstantTarget.swift; sourceTree = "<group>"; };
		115A81DA27197F1100D560E3 /* ConstraintOffsetTarget.swift */ = {isa = PBXFileReference; fileEncoding = 4; lastKnownFileType = sourcecode.swift; path = ConstraintOffsetTarget.swift; sourceTree = "<group>"; };
		115A81DB27197F1100D560E3 /* ConstraintMakerEditable.swift */ = {isa = PBXFileReference; fileEncoding = 4; lastKnownFileType = sourcecode.swift; path = ConstraintMakerEditable.swift; sourceTree = "<group>"; };
		115A81DC27197F1100D560E3 /* ConstraintMaker.swift */ = {isa = PBXFileReference; fileEncoding = 4; lastKnownFileType = sourcecode.swift; path = ConstraintMaker.swift; sourceTree = "<group>"; };
		115A81DD27197F1100D560E3 /* ConstraintRelation.swift */ = {isa = PBXFileReference; fileEncoding = 4; lastKnownFileType = sourcecode.swift; path = ConstraintRelation.swift; sourceTree = "<group>"; };
		115A81DE27197F1100D560E3 /* ConstraintLayoutGuideDSL.swift */ = {isa = PBXFileReference; fileEncoding = 4; lastKnownFileType = sourcecode.swift; path = ConstraintLayoutGuideDSL.swift; sourceTree = "<group>"; };
		115A81DF27197F1100D560E3 /* ConstraintView+Extensions.swift */ = {isa = PBXFileReference; fileEncoding = 4; lastKnownFileType = sourcecode.swift; path = "ConstraintView+Extensions.swift"; sourceTree = "<group>"; };
		115A81E027197F1100D560E3 /* ConstraintItem.swift */ = {isa = PBXFileReference; fileEncoding = 4; lastKnownFileType = sourcecode.swift; path = ConstraintItem.swift; sourceTree = "<group>"; };
		115A81E127197F1100D560E3 /* Constraint.swift */ = {isa = PBXFileReference; fileEncoding = 4; lastKnownFileType = sourcecode.swift; path = Constraint.swift; sourceTree = "<group>"; };
		115A81E227197F1100D560E3 /* Debugging.swift */ = {isa = PBXFileReference; fileEncoding = 4; lastKnownFileType = sourcecode.swift; path = Debugging.swift; sourceTree = "<group>"; };
		115A81E327197F1100D560E3 /* ConstraintRelatableTarget.swift */ = {isa = PBXFileReference; fileEncoding = 4; lastKnownFileType = sourcecode.swift; path = ConstraintRelatableTarget.swift; sourceTree = "<group>"; };
		115A81E427197F1100D560E3 /* LayoutConstraint.swift */ = {isa = PBXFileReference; fileEncoding = 4; lastKnownFileType = sourcecode.swift; path = LayoutConstraint.swift; sourceTree = "<group>"; };
		115A81E527197F1100D560E3 /* ConstraintLayoutGuide+Extensions.swift */ = {isa = PBXFileReference; fileEncoding = 4; lastKnownFileType = sourcecode.swift; path = "ConstraintLayoutGuide+Extensions.swift"; sourceTree = "<group>"; };
		115A81E627197F1100D560E3 /* ConstraintDirectionalInsets.swift */ = {isa = PBXFileReference; fileEncoding = 4; lastKnownFileType = sourcecode.swift; path = ConstraintDirectionalInsets.swift; sourceTree = "<group>"; };
		115A81E727197F1100D560E3 /* ConstraintLayoutSupportDSL.swift */ = {isa = PBXFileReference; fileEncoding = 4; lastKnownFileType = sourcecode.swift; path = ConstraintLayoutSupportDSL.swift; sourceTree = "<group>"; };
		115A81E827197F1100D560E3 /* ConstraintMakerRelatable.swift */ = {isa = PBXFileReference; fileEncoding = 4; lastKnownFileType = sourcecode.swift; path = ConstraintMakerRelatable.swift; sourceTree = "<group>"; };
		117BA75027040FC600A6BD4C /* YYXAnimationProject.app */ = {isa = PBXFileReference; explicitFileType = wrapper.application; includeInIndex = 0; path = YYXAnimationProject.app; sourceTree = BUILT_PRODUCTS_DIR; };
		117BA75327040FC600A6BD4C /* AppDelegate.swift */ = {isa = PBXFileReference; lastKnownFileType = sourcecode.swift; path = AppDelegate.swift; sourceTree = "<group>"; };
		117BA75727040FC600A6BD4C /* ViewController.swift */ = {isa = PBXFileReference; lastKnownFileType = sourcecode.swift; path = ViewController.swift; sourceTree = "<group>"; };
		117BA75A27040FC600A6BD4C /* Base */ = {isa = PBXFileReference; lastKnownFileType = file.storyboard; name = Base; path = Base.lproj/Main.storyboard; sourceTree = "<group>"; };
		117BA75C27040FC700A6BD4C /* Assets.xcassets */ = {isa = PBXFileReference; lastKnownFileType = folder.assetcatalog; path = Assets.xcassets; sourceTree = "<group>"; };
		117BA75F27040FC700A6BD4C /* Base */ = {isa = PBXFileReference; lastKnownFileType = file.storyboard; name = Base; path = Base.lproj/LaunchScreen.storyboard; sourceTree = "<group>"; };
		117BA76127040FC700A6BD4C /* Info.plist */ = {isa = PBXFileReference; lastKnownFileType = text.plist.xml; path = Info.plist; sourceTree = "<group>"; };
		117BA76827040FF200A6BD4C /* YYMainViewController.swift */ = {isa = PBXFileReference; lastKnownFileType = sourcecode.swift; path = YYMainViewController.swift; sourceTree = "<group>"; };
/* End PBXFileReference section */

/* Begin PBXFrameworksBuildPhase section */
		117BA74D27040FC600A6BD4C /* Frameworks */ = {
			isa = PBXFrameworksBuildPhase;
			buildActionMask = 2147483647;
			files = (
			);
			runOnlyForDeploymentPostprocessing = 0;
		};
/* End PBXFrameworksBuildPhase section */

/* Begin PBXGroup section */
		115A81C427197F1100D560E3 /* SnapKit */ = {
			isa = PBXGroup;
			children = (
				115A81C527197F1100D560E3 /* ConstraintMultiplierTarget.swift */,
				115A81C627197F1100D560E3 /* LayoutConstraintItem.swift */,
				115A81C727197F1100D560E3 /* ConstraintDescription.swift */,
				115A81C827197F1100D560E3 /* ConstraintMakerPriortizable.swift */,
				115A81C927197F1100D560E3 /* ConstraintAttributes.swift */,
				115A81CA27197F1100D560E3 /* ConstraintViewDSL.swift */,
				115A81CB27197F1100D560E3 /* ConstraintPriorityTarget.swift */,
				115A81CC27197F1100D560E3 /* ConstraintInsets.swift */,
				115A81CD27197F1100D560E3 /* ConstraintMakerFinalizable.swift */,
				115A81CE27197F1100D560E3 /* ConstraintDSL.swift */,
				115A81CF27197F1100D560E3 /* ConstraintMakerExtendable.swift */,
				115A81D027197F1100D560E3 /* ConstraintPriority.swift */,
				115A81D127197F1100D560E3 /* ConstraintInsetTarget.swift */,
				115A81D227197F1100D560E3 /* ConstraintDirectionalInsetTarget.swift */,
				115A81D327197F1100D560E3 /* ConstraintConfig.swift */,
				115A81D427197F1100D560E3 /* UILayoutSupport+Extensions.swift */,
				115A81D527197F1100D560E3 /* ConstraintView.swift */,
				115A81D627197F1100D560E3 /* ConstraintLayoutGuide.swift */,
				115A81D727197F1100D560E3 /* ConstraintLayoutSupport.swift */,
				115A81D827197F1100D560E3 /* Typealiases.swift */,
				115A81D927197F1100D560E3 /* ConstraintConstantTarget.swift */,
				115A81DA27197F1100D560E3 /* ConstraintOffsetTarget.swift */,
				115A81DB27197F1100D560E3 /* ConstraintMakerEditable.swift */,
				115A81DC27197F1100D560E3 /* ConstraintMaker.swift */,
				115A81DD27197F1100D560E3 /* ConstraintRelation.swift */,
				115A81DE27197F1100D560E3 /* ConstraintLayoutGuideDSL.swift */,
				115A81DF27197F1100D560E3 /* ConstraintView+Extensions.swift */,
				115A81E027197F1100D560E3 /* ConstraintItem.swift */,
				115A81E127197F1100D560E3 /* Constraint.swift */,
				115A81E227197F1100D560E3 /* Debugging.swift */,
				115A81E327197F1100D560E3 /* ConstraintRelatableTarget.swift */,
				115A81E427197F1100D560E3 /* LayoutConstraint.swift */,
				115A81E527197F1100D560E3 /* ConstraintLayoutGuide+Extensions.swift */,
				115A81E627197F1100D560E3 /* ConstraintDirectionalInsets.swift */,
				115A81E727197F1100D560E3 /* ConstraintLayoutSupportDSL.swift */,
				115A81E827197F1100D560E3 /* ConstraintMakerRelatable.swift */,
			);
			path = SnapKit;
			sourceTree = "<group>";
		};
		117BA74727040FC600A6BD4C = {
			isa = PBXGroup;
			children = (
				117BA75227040FC600A6BD4C /* YYXAnimationProject */,
				117BA75127040FC600A6BD4C /* Products */,
			);
			sourceTree = "<group>";
		};
		117BA75127040FC600A6BD4C /* Products */ = {
			isa = PBXGroup;
			children = (
				117BA75027040FC600A6BD4C /* YYXAnimationProject.app */,
			);
			name = Products;
			sourceTree = "<group>";
		};
		117BA75227040FC600A6BD4C /* YYXAnimationProject */ = {
			isa = PBXGroup;
			children = (
				117BA75327040FC600A6BD4C /* AppDelegate.swift */,
				117BA76727040FD000A6BD4C /* MainController */,
				117BA76A27040FF700A6BD4C /* other */,
			);
			path = YYXAnimationProject;
			sourceTree = "<group>";
		};
		117BA76727040FD000A6BD4C /* MainController */ = {
			isa = PBXGroup;
			children = (
				117BA76827040FF200A6BD4C /* YYMainViewController.swift */,
			);
			path = MainController;
			sourceTree = "<group>";
		};
		117BA76A27040FF700A6BD4C /* other */ = {
			isa = PBXGroup;
			children = (
				115A81C427197F1100D560E3 /* SnapKit */,
				117BA75727040FC600A6BD4C /* ViewController.swift */,
				117BA75927040FC600A6BD4C /* Main.storyboard */,
				117BA75C27040FC700A6BD4C /* Assets.xcassets */,
				117BA75E27040FC700A6BD4C /* LaunchScreen.storyboard */,
				117BA76127040FC700A6BD4C /* Info.plist */,
			);
			path = other;
			sourceTree = "<group>";
		};
/* End PBXGroup section */

/* Begin PBXNativeTarget section */
		117BA74F27040FC600A6BD4C /* YYXAnimationProject */ = {
			isa = PBXNativeTarget;
			buildConfigurationList = 117BA76427040FC700A6BD4C /* Build configuration list for PBXNativeTarget "YYXAnimationProject" */;
			buildPhases = (
				117BA74C27040FC600A6BD4C /* Sources */,
				117BA74D27040FC600A6BD4C /* Frameworks */,
				117BA74E27040FC600A6BD4C /* Resources */,
			);
			buildRules = (
			);
			dependencies = (
			);
			name = YYXAnimationProject;
			productName = YYXAnimationProject;
			productReference = 117BA75027040FC600A6BD4C /* YYXAnimationProject.app */;
			productType = "com.apple.product-type.application";
		};
/* End PBXNativeTarget section */

/* Begin PBXProject section */
		117BA74827040FC600A6BD4C /* Project object */ = {
			isa = PBXProject;
			attributes = {
				LastSwiftUpdateCheck = 1250;
				LastUpgradeCheck = 1250;
				TargetAttributes = {
					117BA74F27040FC600A6BD4C = {
						CreatedOnToolsVersion = 12.5.1;
					};
				};
			};
			buildConfigurationList = 117BA74B27040FC600A6BD4C /* Build configuration list for PBXProject "YYXAnimationProject" */;
			compatibilityVersion = "Xcode 9.3";
			developmentRegion = en;
			hasScannedForEncodings = 0;
			knownRegions = (
				en,
				Base,
			);
			mainGroup = 117BA74727040FC600A6BD4C;
			productRefGroup = 117BA75127040FC600A6BD4C /* Products */;
			projectDirPath = "";
			projectRoot = "";
			targets = (
				117BA74F27040FC600A6BD4C /* YYXAnimationProject */,
			);
		};
/* End PBXProject section */

/* Begin PBXResourcesBuildPhase section */
		117BA74E27040FC600A6BD4C /* Resources */ = {
			isa = PBXResourcesBuildPhase;
			buildActionMask = 2147483647;
			files = (
				117BA76027040FC700A6BD4C /* LaunchScreen.storyboard in Resources */,
				117BA75D27040FC700A6BD4C /* Assets.xcassets in Resources */,
				117BA75B27040FC600A6BD4C /* Main.storyboard in Resources */,
			);
			runOnlyForDeploymentPostprocessing = 0;
		};
/* End PBXResourcesBuildPhase section */

/* Begin PBXSourcesBuildPhase section */
		117BA74C27040FC600A6BD4C /* Sources */ = {
			isa = PBXSourcesBuildPhase;
			buildActionMask = 2147483647;
			files = (
				115A820127197F1100D560E3 /* ConstraintRelation.swift in Sources */,
				115A81FF27197F1100D560E3 /* ConstraintMakerEditable.swift in Sources */,
				115A820C27197F1100D560E3 /* ConstraintMakerRelatable.swift in Sources */,
				115A81F027197F1100D560E3 /* ConstraintInsets.swift in Sources */,
				115A820727197F1100D560E3 /* ConstraintRelatableTarget.swift in Sources */,
				115A820427197F1100D560E3 /* ConstraintItem.swift in Sources */,
				115A820927197F1100D560E3 /* ConstraintLayoutGuide+Extensions.swift in Sources */,
				115A81FB27197F1100D560E3 /* ConstraintLayoutSupport.swift in Sources */,
				115A81ED27197F1100D560E3 /* ConstraintAttributes.swift in Sources */,
				115A820227197F1100D560E3 /* ConstraintLayoutGuideDSL.swift in Sources */,
				115A81EE27197F1100D560E3 /* ConstraintViewDSL.swift in Sources */,
				115A81FE27197F1100D560E3 /* ConstraintOffsetTarget.swift in Sources */,
				115A81EC27197F1100D560E3 /* ConstraintMakerPriortizable.swift in Sources */,
				117BA75827040FC600A6BD4C /* ViewController.swift in Sources */,
				117BA75427040FC600A6BD4C /* AppDelegate.swift in Sources */,
				115A820627197F1100D560E3 /* Debugging.swift in Sources */,
				115A820027197F1100D560E3 /* ConstraintMaker.swift in Sources */,
				115A81EF27197F1100D560E3 /* ConstraintPriorityTarget.swift in Sources */,
				115A820327197F1100D560E3 /* ConstraintView+Extensions.swift in Sources */,
				115A81FC27197F1100D560E3 /* Typealiases.swift in Sources */,
				115A81F327197F1100D560E3 /* ConstraintMakerExtendable.swift in Sources */,
				115A820527197F1100D560E3 /* Constraint.swift in Sources */,
				115A81F927197F1100D560E3 /* ConstraintView.swift in Sources */,
				117BA76927040FF200A6BD4C /* YYMainViewController.swift in Sources */,
				115A81F827197F1100D560E3 /* UILayoutSupport+Extensions.swift in Sources */,
				115A81F427197F1100D560E3 /* ConstraintPriority.swift in Sources */,
				115A81E927197F1100D560E3 /* ConstraintMultiplierTarget.swift in Sources */,
				115A820A27197F1100D560E3 /* ConstraintDirectionalInsets.swift in Sources */,
				115A81EB27197F1100D560E3 /* ConstraintDescription.swift in Sources */,
				115A81FD27197F1100D560E3 /* ConstraintConstantTarget.swift in Sources */,
				115A81F527197F1100D560E3 /* ConstraintInsetTarget.swift in Sources */,
				115A81EA27197F1100D560E3 /* LayoutConstraintItem.swift in Sources */,
				115A81FA27197F1100D560E3 /* ConstraintLayoutGuide.swift in Sources */,
				115A81F227197F1100D560E3 /* ConstraintDSL.swift in Sources */,
				115A820827197F1100D560E3 /* LayoutConstraint.swift in Sources */,
				115A820B27197F1100D560E3 /* ConstraintLayoutSupportDSL.swift in Sources */,
				115A81F727197F1100D560E3 /* ConstraintConfig.swift in Sources */,
				115A81F627197F1100D560E3 /* ConstraintDirectionalInsetTarget.swift in Sources */,
				115A81F127197F1100D560E3 /* ConstraintMakerFinalizable.swift in Sources */,
			);
			runOnlyForDeploymentPostprocessing = 0;
		};
/* End PBXSourcesBuildPhase section */

/* Begin PBXVariantGroup section */
		117BA75927040FC600A6BD4C /* Main.storyboard */ = {
			isa = PBXVariantGroup;
			children = (
				117BA75A27040FC600A6BD4C /* Base */,
			);
			name = Main.storyboard;
			sourceTree = "<group>";
		};
		117BA75E27040FC700A6BD4C /* LaunchScreen.storyboard */ = {
			isa = PBXVariantGroup;
			children = (
				117BA75F27040FC700A6BD4C /* Base */,
			);
			name = LaunchScreen.storyboard;
			sourceTree = "<group>";
		};
/* End PBXVariantGroup section */

/* Begin XCBuildConfiguration section */
		117BA76227040FC700A6BD4C /* Debug */ = {
			isa = XCBuildConfiguration;
			buildSettings = {
				ALWAYS_SEARCH_USER_PATHS = NO;
				CLANG_ANALYZER_NONNULL = YES;
				CLANG_ANALYZER_NUMBER_OBJECT_CONVERSION = YES_AGGRESSIVE;
				CLANG_CXX_LANGUAGE_STANDARD = "gnu++14";
				CLANG_CXX_LIBRARY = "libc++";
				CLANG_ENABLE_MODULES = YES;
				CLANG_ENABLE_OBJC_ARC = YES;
				CLANG_ENABLE_OBJC_WEAK = YES;
				CLANG_WARN_BLOCK_CAPTURE_AUTORELEASING = YES;
				CLANG_WARN_BOOL_CONVERSION = YES;
				CLANG_WARN_COMMA = YES;
				CLANG_WARN_CONSTANT_CONVERSION = YES;
				CLANG_WARN_DEPRECATED_OBJC_IMPLEMENTATIONS = YES;
				CLANG_WARN_DIRECT_OBJC_ISA_USAGE = YES_ERROR;
				CLANG_WARN_DOCUMENTATION_COMMENTS = YES;
				CLANG_WARN_EMPTY_BODY = YES;
				CLANG_WARN_ENUM_CONVERSION = YES;
				CLANG_WARN_INFINITE_RECURSION = YES;
				CLANG_WARN_INT_CONVERSION = YES;
				CLANG_WARN_NON_LITERAL_NULL_CONVERSION = YES;
				CLANG_WARN_OBJC_IMPLICIT_RETAIN_SELF = YES;
				CLANG_WARN_OBJC_LITERAL_CONVERSION = YES;
				CLANG_WARN_OBJC_ROOT_CLASS = YES_ERROR;
				CLANG_WARN_QUOTED_INCLUDE_IN_FRAMEWORK_HEADER = YES;
				CLANG_WARN_RANGE_LOOP_ANALYSIS = YES;
				CLANG_WARN_STRICT_PROTOTYPES = YES;
				CLANG_WARN_SUSPICIOUS_MOVE = YES;
				CLANG_WARN_UNGUARDED_AVAILABILITY = YES_AGGRESSIVE;
				CLANG_WARN_UNREACHABLE_CODE = YES;
				CLANG_WARN__DUPLICATE_METHOD_MATCH = YES;
				COPY_PHASE_STRIP = NO;
				DEBUG_INFORMATION_FORMAT = dwarf;
				ENABLE_STRICT_OBJC_MSGSEND = YES;
				ENABLE_TESTABILITY = YES;
				GCC_C_LANGUAGE_STANDARD = gnu11;
				GCC_DYNAMIC_NO_PIC = NO;
				GCC_NO_COMMON_BLOCKS = YES;
				GCC_OPTIMIZATION_LEVEL = 0;
				GCC_PREPROCESSOR_DEFINITIONS = (
					"DEBUG=1",
					"$(inherited)",
				);
				GCC_WARN_64_TO_32_BIT_CONVERSION = YES;
				GCC_WARN_ABOUT_RETURN_TYPE = YES_ERROR;
				GCC_WARN_UNDECLARED_SELECTOR = YES;
				GCC_WARN_UNINITIALIZED_AUTOS = YES_AGGRESSIVE;
				GCC_WARN_UNUSED_FUNCTION = YES;
				GCC_WARN_UNUSED_VARIABLE = YES;
				IPHONEOS_DEPLOYMENT_TARGET = 14.5;
				MTL_ENABLE_DEBUG_INFO = INCLUDE_SOURCE;
				MTL_FAST_MATH = YES;
				ONLY_ACTIVE_ARCH = YES;
				SDKROOT = iphoneos;
				SWIFT_ACTIVE_COMPILATION_CONDITIONS = DEBUG;
				SWIFT_OPTIMIZATION_LEVEL = "-Onone";
			};
			name = Debug;
		};
		117BA76327040FC700A6BD4C /* Release */ = {
			isa = XCBuildConfiguration;
			buildSettings = {
				ALWAYS_SEARCH_USER_PATHS = NO;
				CLANG_ANALYZER_NONNULL = YES;
				CLANG_ANALYZER_NUMBER_OBJECT_CONVERSION = YES_AGGRESSIVE;
				CLANG_CXX_LANGUAGE_STANDARD = "gnu++14";
				CLANG_CXX_LIBRARY = "libc++";
				CLANG_ENABLE_MODULES = YES;
				CLANG_ENABLE_OBJC_ARC = YES;
				CLANG_ENABLE_OBJC_WEAK = YES;
				CLANG_WARN_BLOCK_CAPTURE_AUTORELEASING = YES;
				CLANG_WARN_BOOL_CONVERSION = YES;
				CLANG_WARN_COMMA = YES;
				CLANG_WARN_CONSTANT_CONVERSION = YES;
				CLANG_WARN_DEPRECATED_OBJC_IMPLEMENTATIONS = YES;
				CLANG_WARN_DIRECT_OBJC_ISA_USAGE = YES_ERROR;
				CLANG_WARN_DOCUMENTATION_COMMENTS = YES;
				CLANG_WARN_EMPTY_BODY = YES;
				CLANG_WARN_ENUM_CONVERSION = YES;
				CLANG_WARN_INFINITE_RECURSION = YES;
				CLANG_WARN_INT_CONVERSION = YES;
				CLANG_WARN_NON_LITERAL_NULL_CONVERSION = YES;
				CLANG_WARN_OBJC_IMPLICIT_RETAIN_SELF = YES;
				CLANG_WARN_OBJC_LITERAL_CONVERSION = YES;
				CLANG_WARN_OBJC_ROOT_CLASS = YES_ERROR;
				CLANG_WARN_QUOTED_INCLUDE_IN_FRAMEWORK_HEADER = YES;
				CLANG_WARN_RANGE_LOOP_ANALYSIS = YES;
				CLANG_WARN_STRICT_PROTOTYPES = YES;
				CLANG_WARN_SUSPICIOUS_MOVE = YES;
				CLANG_WARN_UNGUARDED_AVAILABILITY = YES_AGGRESSIVE;
				CLANG_WARN_UNREACHABLE_CODE = YES;
				CLANG_WARN__DUPLICATE_METHOD_MATCH = YES;
				COPY_PHASE_STRIP = NO;
				DEBUG_INFORMATION_FORMAT = "dwarf-with-dsym";
				ENABLE_NS_ASSERTIONS = NO;
				ENABLE_STRICT_OBJC_MSGSEND = YES;
				GCC_C_LANGUAGE_STANDARD = gnu11;
				GCC_NO_COMMON_BLOCKS = YES;
				GCC_WARN_64_TO_32_BIT_CONVERSION = YES;
				GCC_WARN_ABOUT_RETURN_TYPE = YES_ERROR;
				GCC_WARN_UNDECLARED_SELECTOR = YES;
				GCC_WARN_UNINITIALIZED_AUTOS = YES_AGGRESSIVE;
				GCC_WARN_UNUSED_FUNCTION = YES;
				GCC_WARN_UNUSED_VARIABLE = YES;
				IPHONEOS_DEPLOYMENT_TARGET = 14.5;
				MTL_ENABLE_DEBUG_INFO = NO;
				MTL_FAST_MATH = YES;
				SDKROOT = iphoneos;
				SWIFT_COMPILATION_MODE = wholemodule;
				SWIFT_OPTIMIZATION_LEVEL = "-O";
				VALIDATE_PRODUCT = YES;
			};
			name = Release;
		};
		117BA76527040FC700A6BD4C /* Debug */ = {
			isa = XCBuildConfiguration;
			buildSettings = {
				ASSETCATALOG_COMPILER_APPICON_NAME = AppIcon;
				ASSETCATALOG_COMPILER_GLOBAL_ACCENT_COLOR_NAME = AccentColor;
				CODE_SIGN_STYLE = Automatic;
				DEVELOPMENT_TEAM = 59PVTAC458;
				INFOPLIST_FILE = YYXAnimationProject/other/Info.plist;
				LD_RUNPATH_SEARCH_PATHS = (
					"$(inherited)",
					"@executable_path/Frameworks",
				);
				PRODUCT_BUNDLE_IDENTIFIER = com.skyworth.com.YYXAnimationProject;
				PRODUCT_NAME = "$(TARGET_NAME)";
				SWIFT_VERSION = 5.0;
				TARGETED_DEVICE_FAMILY = "1,2";
			};
			name = Debug;
		};
		117BA76627040FC700A6BD4C /* Release */ = {
			isa = XCBuildConfiguration;
			buildSettings = {
				ASSETCATALOG_COMPILER_APPICON_NAME = AppIcon;
				ASSETCATALOG_COMPILER_GLOBAL_ACCENT_COLOR_NAME = AccentColor;
				CODE_SIGN_STYLE = Automatic;
				DEVELOPMENT_TEAM = 59PVTAC458;
				INFOPLIST_FILE = YYXAnimationProject/other/Info.plist;
				LD_RUNPATH_SEARCH_PATHS = (
					"$(inherited)",
					"@executable_path/Frameworks",
				);
				PRODUCT_BUNDLE_IDENTIFIER = com.skyworth.com.YYXAnimationProject;
				PRODUCT_NAME = "$(TARGET_NAME)";
				SWIFT_VERSION = 5.0;
				TARGETED_DEVICE_FAMILY = "1,2";
			};
			name = Release;
		};
/* End XCBuildConfiguration section */

/* Begin XCConfigurationList section */
		117BA74B27040FC600A6BD4C /* Build configuration list for PBXProject "YYXAnimationProject" */ = {
			isa = XCConfigurationList;
			buildConfigurations = (
				117BA76227040FC700A6BD4C /* Debug */,
				117BA76327040FC700A6BD4C /* Release */,
			);
			defaultConfigurationIsVisible = 0;
			defaultConfigurationName = Release;
		};
		117BA76427040FC700A6BD4C /* Build configuration list for PBXNativeTarget "YYXAnimationProject" */ = {
			isa = XCConfigurationList;
			buildConfigurations = (
				117BA76527040FC700A6BD4C /* Debug */,
				117BA76627040FC700A6BD4C /* Release */,
			);
			defaultConfigurationIsVisible = 0;
			defaultConfigurationName = Release;
		};
/* End XCConfigurationList section */
	};
	rootObject = 117BA74827040FC600A6BD4C /* Project object */;
}
