// !$*UTF8*$!
{
	archiveVersion = 1;
	classes = {
	};
	objectVersion = 50;
	objects = {

/* Begin PBXBuildFile section */
		11AC7BDC2750E10B001945DA /* AppDelegate.swift in Sources */ = {isa = PBXBuildFile; fileRef = 11AC7BDB2750E10B001945DA /* AppDelegate.swift */; };
		11AC7BDE2750E10B001945DA /* SceneDelegate.swift in Sources */ = {isa = PBXBuildFile; fileRef = 11AC7BDD2750E10B001945DA /* SceneDelegate.swift */; };
		11AC7BE02750E10B001945DA /* ViewController.swift in Sources */ = {isa = PBXBuildFile; fileRef = 11AC7BDF2750E10B001945DA /* ViewController.swift */; };
		11AC7BE32750E10B001945DA /* Main.storyboard in Resources */ = {isa = PBXBuildFile; fileRef = 11AC7BE12750E10B001945DA /* Main.storyboard */; };
		11AC7BE52750E10C001945DA /* Assets.xcassets in Resources */ = {isa = PBXBuildFile; fileRef = 11AC7BE42750E10C001945DA /* Assets.xcassets */; };
		11AC7BE82750E10C001945DA /* LaunchScreen.storyboard in Resources */ = {isa = PBXBuildFile; fileRef = 11AC7BE62750E10C001945DA /* LaunchScreen.storyboard */; };
		11AC7BF12750E159001945DA /* YYTestViewModel.swift in Sources */ = {isa = PBXBuildFile; fileRef = 11AC7BF02750E159001945DA /* YYTestViewModel.swift */; };
/* End PBXBuildFile section */

/* Begin PBXFileReference section */
		11AC7BD82750E10B001945DA /* YYGCDTestProject.app */ = {isa = PBXFileReference; explicitFileType = wrapper.application; includeInIndex = 0; path = YYGCDTestProject.app; sourceTree = BUILT_PRODUCTS_DIR; };
		11AC7BDB2750E10B001945DA /* AppDelegate.swift */ = {isa = PBXFileReference; lastKnownFileType = sourcecode.swift; path = AppDelegate.swift; sourceTree = "<group>"; };
		11AC7BDD2750E10B001945DA /* SceneDelegate.swift */ = {isa = PBXFileReference; lastKnownFileType = sourcecode.swift; path = SceneDelegate.swift; sourceTree = "<group>"; };
		11AC7BDF2750E10B001945DA /* ViewController.swift */ = {isa = PBXFileReference; lastKnownFileType = sourcecode.swift; path = ViewController.swift; sourceTree = "<group>"; };
		11AC7BE22750E10B001945DA /* Base */ = {isa = PBXFileReference; lastKnownFileType = file.storyboard; name = Base; path = Base.lproj/Main.storyboard; sourceTree = "<group>"; };
		11AC7BE42750E10C001945DA /* Assets.xcassets */ = {isa = PBXFileReference; lastKnownFileType = folder.assetcatalog; path = Assets.xcassets; sourceTree = "<group>"; };
		11AC7BE72750E10C001945DA /* Base */ = {isa = PBXFileReference; lastKnownFileType = file.storyboard; name = Base; path = Base.lproj/LaunchScreen.storyboard; sourceTree = "<group>"; };
		11AC7BE92750E10C001945DA /* Info.plist */ = {isa = PBXFileReference; lastKnownFileType = text.plist.xml; path = Info.plist; sourceTree = "<group>"; };
		11AC7BF02750E159001945DA /* YYTestViewModel.swift */ = {isa = PBXFileReference; lastKnownFileType = sourcecode.swift; path = YYTestViewModel.swift; sourceTree = "<group>"; };
/* End PBXFileReference section */

/* Begin PBXFrameworksBuildPhase section */
		11AC7BD52750E10B001945DA /* Frameworks */ = {
			isa = PBXFrameworksBuildPhase;
			buildActionMask = 2147483647;
			files = (
			);
			runOnlyForDeploymentPostprocessing = 0;
		};
/* End PBXFrameworksBuildPhase section */

/* Begin PBXGroup section */
		11AC7BCF2750E10B001945DA = {
			isa = PBXGroup;
			children = (
				11AC7BDA2750E10B001945DA /* YYGCDTestProject */,
				11AC7BD92750E10B001945DA /* Products */,
			);
			sourceTree = "<group>";
		};
		11AC7BD92750E10B001945DA /* Products */ = {
			isa = PBXGroup;
			children = (
				11AC7BD82750E10B001945DA /* YYGCDTestProject.app */,
			);
			name = Products;
			sourceTree = "<group>";
		};
		11AC7BDA2750E10B001945DA /* YYGCDTestProject */ = {
			isa = PBXGroup;
			children = (
				11AC7BEF2750E13E001945DA /* ViewModel */,
				11AC7BDB2750E10B001945DA /* AppDelegate.swift */,
				11AC7BDD2750E10B001945DA /* SceneDelegate.swift */,
				11AC7BDF2750E10B001945DA /* ViewController.swift */,
				11AC7BE12750E10B001945DA /* Main.storyboard */,
				11AC7BE42750E10C001945DA /* Assets.xcassets */,
				11AC7BE62750E10C001945DA /* LaunchScreen.storyboard */,
				11AC7BE92750E10C001945DA /* Info.plist */,
			);
			path = YYGCDTestProject;
			sourceTree = "<group>";
		};
		11AC7BEF2750E13E001945DA /* ViewModel */ = {
			isa = PBXGroup;
			children = (
				11AC7BF02750E159001945DA /* YYTestViewModel.swift */,
			);
			path = ViewModel;
			sourceTree = "<group>";
		};
/* End PBXGroup section */

/* Begin PBXNativeTarget section */
		11AC7BD72750E10B001945DA /* YYGCDTestProject */ = {
			isa = PBXNativeTarget;
			buildConfigurationList = 11AC7BEC2750E10C001945DA /* Build configuration list for PBXNativeTarget "YYGCDTestProject" */;
			buildPhases = (
				11AC7BD42750E10B001945DA /* Sources */,
				11AC7BD52750E10B001945DA /* Frameworks */,
				11AC7BD62750E10B001945DA /* Resources */,
			);
			buildRules = (
			);
			dependencies = (
			);
			name = YYGCDTestProject;
			productName = YYGCDTestProject;
			productReference = 11AC7BD82750E10B001945DA /* YYGCDTestProject.app */;
			productType = "com.apple.product-type.application";
		};
/* End PBXNativeTarget section */

/* Begin PBXProject section */
		11AC7BD02750E10B001945DA /* Project object */ = {
			isa = PBXProject;
			attributes = {
				LastSwiftUpdateCheck = 1250;
				LastUpgradeCheck = 1250;
				TargetAttributes = {
					11AC7BD72750E10B001945DA = {
						CreatedOnToolsVersion = 12.5.1;
					};
				};
			};
			buildConfigurationList = 11AC7BD32750E10B001945DA /* Build configuration list for PBXProject "YYGCDTestProject" */;
			compatibilityVersion = "Xcode 9.3";
			developmentRegion = en;
			hasScannedForEncodings = 0;
			knownRegions = (
				en,
				Base,
			);
			mainGroup = 11AC7BCF2750E10B001945DA;
			productRefGroup = 11AC7BD92750E10B001945DA /* Products */;
			projectDirPath = "";
			projectRoot = "";
			targets = (
				11AC7BD72750E10B001945DA /* YYGCDTestProject */,
			);
		};
/* End PBXProject section */

/* Begin PBXResourcesBuildPhase section */
		11AC7BD62750E10B001945DA /* Resources */ = {
			isa = PBXResourcesBuildPhase;
			buildActionMask = 2147483647;
			files = (
				11AC7BE82750E10C001945DA /* LaunchScreen.storyboard in Resources */,
				11AC7BE52750E10C001945DA /* Assets.xcassets in Resources */,
				11AC7BE32750E10B001945DA /* Main.storyboard in Resources */,
			);
			runOnlyForDeploymentPostprocessing = 0;
		};
/* End PBXResourcesBuildPhase section */

/* Begin PBXSourcesBuildPhase section */
		11AC7BD42750E10B001945DA /* Sources */ = {
			isa = PBXSourcesBuildPhase;
			buildActionMask = 2147483647;
			files = (
				11AC7BE02750E10B001945DA /* ViewController.swift in Sources */,
				11AC7BDC2750E10B001945DA /* AppDelegate.swift in Sources */,
				11AC7BF12750E159001945DA /* YYTestViewModel.swift in Sources */,
				11AC7BDE2750E10B001945DA /* SceneDelegate.swift in Sources */,
			);
			runOnlyForDeploymentPostprocessing = 0;
		};
/* End PBXSourcesBuildPhase section */

/* Begin PBXVariantGroup section */
		11AC7BE12750E10B001945DA /* Main.storyboard */ = {
			isa = PBXVariantGroup;
			children = (
				11AC7BE22750E10B001945DA /* Base */,
			);
			name = Main.storyboard;
			sourceTree = "<group>";
		};
		11AC7BE62750E10C001945DA /* LaunchScreen.storyboard */ = {
			isa = PBXVariantGroup;
			children = (
				11AC7BE72750E10C001945DA /* Base */,
			);
			name = LaunchScreen.storyboard;
			sourceTree = "<group>";
		};
/* End PBXVariantGroup section */

/* Begin XCBuildConfiguration section */
		11AC7BEA2750E10C001945DA /* Debug */ = {
			isa = XCBuildConfiguration;
			buildSettings = {
				ALWAYS_SEARCH_USER_PATHS = NO;
				CLANG_ANALYZER_NONNULL = YES;
				CLANG_ANALYZER_NUMBER_OBJECT_CONVERSION = YES_AGGRESSIVE;
				CLANG_CXX_LANGUAGE_STANDARD = "gnu++14";
				CLANG_CXX_LIBRARY = "libc++";
				CLANG_ENABLE_MODULES = YES;
				CLANG_ENABLE_OBJC_ARC = YES;
				CLANG_ENABLE_OBJC_WEAK = YES;
				CLANG_WARN_BLOCK_CAPTURE_AUTORELEASING = YES;
				CLANG_WARN_BOOL_CONVERSION = YES;
				CLANG_WARN_COMMA = YES;
				CLANG_WARN_CONSTANT_CONVERSION = YES;
				CLANG_WARN_DEPRECATED_OBJC_IMPLEMENTATIONS = YES;
				CLANG_WARN_DIRECT_OBJC_ISA_USAGE = YES_ERROR;
				CLANG_WARN_DOCUMENTATION_COMMENTS = YES;
				CLANG_WARN_EMPTY_BODY = YES;
				CLANG_WARN_ENUM_CONVERSION = YES;
				CLANG_WARN_INFINITE_RECURSION = YES;
				CLANG_WARN_INT_CONVERSION = YES;
				CLANG_WARN_NON_LITERAL_NULL_CONVERSION = YES;
				CLANG_WARN_OBJC_IMPLICIT_RETAIN_SELF = YES;
				CLANG_WARN_OBJC_LITERAL_CONVERSION = YES;
				CLANG_WARN_OBJC_ROOT_CLASS = YES_ERROR;
				CLANG_WARN_QUOTED_INCLUDE_IN_FRAMEWORK_HEADER = YES;
				CLANG_WARN_RANGE_LOOP_ANALYSIS = YES;
				CLANG_WARN_STRICT_PROTOTYPES = YES;
				CLANG_WARN_SUSPICIOUS_MOVE = YES;
				CLANG_WARN_UNGUARDED_AVAILABILITY = YES_AGGRESSIVE;
				CLANG_WARN_UNREACHABLE_CODE = YES;
				CLANG_WARN__DUPLICATE_METHOD_MATCH = YES;
				COPY_PHASE_STRIP = NO;
				DEBUG_INFORMATION_FORMAT = dwarf;
				ENABLE_STRICT_OBJC_MSGSEND = YES;
				ENABLE_TESTABILITY = YES;
				GCC_C_LANGUAGE_STANDARD = gnu11;
				GCC_DYNAMIC_NO_PIC = NO;
				GCC_NO_COMMON_BLOCKS = YES;
				GCC_OPTIMIZATION_LEVEL = 0;
				GCC_PREPROCESSOR_DEFINITIONS = (
					"DEBUG=1",
					"$(inherited)",
				);
				GCC_WARN_64_TO_32_BIT_CONVERSION = YES;
				GCC_WARN_ABOUT_RETURN_TYPE = YES_ERROR;
				GCC_WARN_UNDECLARED_SELECTOR = YES;
				GCC_WARN_UNINITIALIZED_AUTOS = YES_AGGRESSIVE;
				GCC_WARN_UNUSED_FUNCTION = YES;
				GCC_WARN_UNUSED_VARIABLE = YES;
				IPHONEOS_DEPLOYMENT_TARGET = 14.5;
				MTL_ENABLE_DEBUG_INFO = INCLUDE_SOURCE;
				MTL_FAST_MATH = YES;
				ONLY_ACTIVE_ARCH = YES;
				SDKROOT = iphoneos;
				SWIFT_ACTIVE_COMPILATION_CONDITIONS = DEBUG;
				SWIFT_OPTIMIZATION_LEVEL = "-Onone";
			};
			name = Debug;
		};
		11AC7BEB2750E10C001945DA /* Release */ = {
			isa = XCBuildConfiguration;
			buildSettings = {
				ALWAYS_SEARCH_USER_PATHS = NO;
				CLANG_ANALYZER_NONNULL = YES;
				CLANG_ANALYZER_NUMBER_OBJECT_CONVERSION = YES_AGGRESSIVE;
				CLANG_CXX_LANGUAGE_STANDARD = "gnu++14";
				CLANG_CXX_LIBRARY = "libc++";
				CLANG_ENABLE_MODULES = YES;
				CLANG_ENABLE_OBJC_ARC = YES;
				CLANG_ENABLE_OBJC_WEAK = YES;
				CLANG_WARN_BLOCK_CAPTURE_AUTORELEASING = YES;
				CLANG_WARN_BOOL_CONVERSION = YES;
				CLANG_WARN_COMMA = YES;
				CLANG_WARN_CONSTANT_CONVERSION = YES;
				CLANG_WARN_DEPRECATED_OBJC_IMPLEMENTATIONS = YES;
				CLANG_WARN_DIRECT_OBJC_ISA_USAGE = YES_ERROR;
				CLANG_WARN_DOCUMENTATION_COMMENTS = YES;
				CLANG_WARN_EMPTY_BODY = YES;
				CLANG_WARN_ENUM_CONVERSION = YES;
				CLANG_WARN_INFINITE_RECURSION = YES;
				CLANG_WARN_INT_CONVERSION = YES;
				CLANG_WARN_NON_LITERAL_NULL_CONVERSION = YES;
				CLANG_WARN_OBJC_IMPLICIT_RETAIN_SELF = YES;
				CLANG_WARN_OBJC_LITERAL_CONVERSION = YES;
				CLANG_WARN_OBJC_ROOT_CLASS = YES_ERROR;
				CLANG_WARN_QUOTED_INCLUDE_IN_FRAMEWORK_HEADER = YES;
				CLANG_WARN_RANGE_LOOP_ANALYSIS = YES;
				CLANG_WARN_STRICT_PROTOTYPES = YES;
				CLANG_WARN_SUSPICIOUS_MOVE = YES;
				CLANG_WARN_UNGUARDED_AVAILABILITY = YES_AGGRESSIVE;
				CLANG_WARN_UNREACHABLE_CODE = YES;
				CLANG_WARN__DUPLICATE_METHOD_MATCH = YES;
				COPY_PHASE_STRIP = NO;
				DEBUG_INFORMATION_FORMAT = "dwarf-with-dsym";
				ENABLE_NS_ASSERTIONS = NO;
				ENABLE_STRICT_OBJC_MSGSEND = YES;
				GCC_C_LANGUAGE_STANDARD = gnu11;
				GCC_NO_COMMON_BLOCKS = YES;
				GCC_WARN_64_TO_32_BIT_CONVERSION = YES;
				GCC_WARN_ABOUT_RETURN_TYPE = YES_ERROR;
				GCC_WARN_UNDECLARED_SELECTOR = YES;
				GCC_WARN_UNINITIALIZED_AUTOS = YES_AGGRESSIVE;
				GCC_WARN_UNUSED_FUNCTION = YES;
				GCC_WARN_UNUSED_VARIABLE = YES;
				IPHONEOS_DEPLOYMENT_TARGET = 14.5;
				MTL_ENABLE_DEBUG_INFO = NO;
				MTL_FAST_MATH = YES;
				SDKROOT = iphoneos;
				SWIFT_COMPILATION_MODE = wholemodule;
				SWIFT_OPTIMIZATION_LEVEL = "-O";
				VALIDATE_PRODUCT = YES;
			};
			name = Release;
		};
		11AC7BED2750E10C001945DA /* Debug */ = {
			isa = XCBuildConfiguration;
			buildSettings = {
				ASSETCATALOG_COMPILER_APPICON_NAME = AppIcon;
				ASSETCATALOG_COMPILER_GLOBAL_ACCENT_COLOR_NAME = AccentColor;
				CODE_SIGN_STYLE = Automatic;
				DEVELOPMENT_TEAM = JF826FYE3W;
				INFOPLIST_FILE = YYGCDTestProject/Info.plist;
				LD_RUNPATH_SEARCH_PATHS = (
					"$(inherited)",
					"@executable_path/Frameworks",
				);
				PRODUCT_BUNDLE_IDENTIFIER = com.skyworth.com.YYGCDTestProject;
				PRODUCT_NAME = "$(TARGET_NAME)";
				SWIFT_VERSION = 5.0;
				TARGETED_DEVICE_FAMILY = "1,2";
			};
			name = Debug;
		};
		11AC7BEE2750E10C001945DA /* Release */ = {
			isa = XCBuildConfiguration;
			buildSettings = {
				ASSETCATALOG_COMPILER_APPICON_NAME = AppIcon;
				ASSETCATALOG_COMPILER_GLOBAL_ACCENT_COLOR_NAME = AccentColor;
				CODE_SIGN_STYLE = Automatic;
				DEVELOPMENT_TEAM = JF826FYE3W;
				INFOPLIST_FILE = YYGCDTestProject/Info.plist;
				LD_RUNPATH_SEARCH_PATHS = (
					"$(inherited)",
					"@executable_path/Frameworks",
				);
				PRODUCT_BUNDLE_IDENTIFIER = com.skyworth.com.YYGCDTestProject;
				PRODUCT_NAME = "$(TARGET_NAME)";
				SWIFT_VERSION = 5.0;
				TARGETED_DEVICE_FAMILY = "1,2";
			};
			name = Release;
		};
/* End XCBuildConfiguration section */

/* Begin XCConfigurationList section */
		11AC7BD32750E10B001945DA /* Build configuration list for PBXProject "YYGCDTestProject" */ = {
			isa = XCConfigurationList;
			buildConfigurations = (
				11AC7BEA2750E10C001945DA /* Debug */,
				11AC7BEB2750E10C001945DA /* Release */,
			);
			defaultConfigurationIsVisible = 0;
			defaultConfigurationName = Release;
		};
		11AC7BEC2750E10C001945DA /* Build configuration list for PBXNativeTarget "YYGCDTestProject" */ = {
			isa = XCConfigurationList;
			buildConfigurations = (
				11AC7BED2750E10C001945DA /* Debug */,
				11AC7BEE2750E10C001945DA /* Release */,
			);
			defaultConfigurationIsVisible = 0;
			defaultConfigurationName = Release;
		};
/* End XCConfigurationList section */
	};
	rootObject = 11AC7BD02750E10B001945DA /* Project object */;
}
